
Microsoft Visual Studio Solution File, Format Version 12.00
# Visual Studio 15
VisualStudioVersion = 15.0.27323.2
MinimumVisualStudioVersion = 10.0.40219.1
Project("{FAE04EC0-301F-11D3-BF4B-00C04F79EFBC}") = "Extended Controls", "Extended Controls\Extended Controls.csproj", "{1C9153E4-CDC4-44C9-9794-1D144FE87A1F}"
EndProject
Project("{FAE04EC0-301F-11D3-BF4B-00C04F79EFBC}") = "Krypton Outlook Grid", "Krypton Outlook Grid\Krypton Outlook Grid.csproj", "{2A10C696-45AD-48AA-8EAD-2CB322672972}"
EndProject
Project("{FAE04EC0-301F-11D3-BF4B-00C04F79EFBC}") = "Item Templates", "Item Templates\Item Templates.csproj", "{187B24BA-4B66-4D61-9BD6-D0E83DB45BD5}"
EndProject
Project("{FAE04EC0-301F-11D3-BF4B-00C04F79EFBC}") = "Krypton Wizard", "Krypton Wizard\Krypton Wizard.csproj", "{CA97E339-2014-47E3-890B-DF35F31EC11F}"
EndProject
Project("{FAE04EC0-301F-11D3-BF4B-00C04F79EFBC}") = "Playground", "Playground\Playground.csproj", "{E10C5153-0007-4DD3-930D-9D3117DB7C44}"
EndProject
Project("{FAE04EC0-301F-11D3-BF4B-00C04F79EFBC}") = "Application Updater", "Application Updater\Application Updater.csproj", "{BCC482FD-377F-4918-B91A-09444AC90A8E}"
EndProject
Project("{2150E333-8FDC-42A3-9474-1A3956D46DE8}") = "Readme", "Readme", "{3B7410AE-4D93-411E-9C06-5CB84636CBD5}"
	ProjectSection(SolutionItems) = preProject
		..\..\LICENSE = ..\..\LICENSE
		..\..\README.md = ..\..\README.md
	EndProjectSection
EndProject
Project("{FAE04EC0-301F-11D3-BF4B-00C04F79EFBC}") = "Update File Creator", "Update File Creator\Update File Creator.csproj", "{589068CB-78CE-40FA-95AA-9FEAD9C183F2}"
EndProject
Project("{840C416C-B8F3-42BC-B0DD-F6BB14C9F8CB}") = "Setup", "Setup\Setup.aiproj", "{B663D78B-97A6-4729-9F6B-12DC5392E9C7}"
EndProject
Project("{930C7802-8A8C-48F9-8165-68863BCCD9DD}") = "WIX Setup", "WIX Setup\WIX Setup.wixproj", "{7474A9BB-8747-4EF7-8513-04C8229CFD95}"
EndProject
Project("{2150E333-8FDC-42A3-9474-1A3956D46DE8}") = "Required", "Required", "{A0FB35B2-7BF6-4EA9-8A27-25DB28534230}"
	ProjectSection(SolutionItems) = preProject
		..\Required\Krypton Design.dll = ..\Required\Krypton Design.dll
		..\Required\Krypton Docking.dll = ..\Required\Krypton Docking.dll
		..\Required\Krypton Navigator.dll = ..\Required\Krypton Navigator.dll
		..\Required\Krypton Ribbon.dll = ..\Required\Krypton Ribbon.dll
		..\Required\Krypton Toolkit.dll = ..\Required\Krypton Toolkit.dll
		..\Required\Krypton Workspace.dll = ..\Required\Krypton Workspace.dll
	EndProjectSection
EndProject
Project("{2150E333-8FDC-42A3-9474-1A3956D46DE8}") = "Solution Items", "Solution Items", "{B4B787F0-53A2-498F-8893-091C709F73E4}"
	ProjectSection(SolutionItems) = preProject
		..\..\.gitignore = ..\..\.gitignore
	EndProjectSection
EndProject
Project("{2150E333-8FDC-42A3-9474-1A3956D46DE8}") = "Updates", "Updates", "{D4ADA5CA-C5FE-4C4C-9B56-17CBCA64240B}"
EndProject
Project("{2150E333-8FDC-42A3-9474-1A3956D46DE8}") = "Changelog", "Changelog", "{D2B92C0D-A67E-4739-A6F9-DFA7F5DF7E3E}"
	ProjectSection(SolutionItems) = preProject
		..\..\Updates\Changelog\changelog.html = ..\..\Updates\Changelog\changelog.html
	EndProjectSection
EndProject
Project("{2150E333-8FDC-42A3-9474-1A3956D46DE8}") = "CSS", "CSS", "{7E8CB4D3-B017-4E65-81CD-74DBFA0E30DB}"
	ProjectSection(SolutionItems) = preProject
		..\..\Updates\Changelog\CSS\main.css = ..\..\Updates\Changelog\CSS\main.css
		..\..\Updates\Changelog\CSS\table.css = ..\..\Updates\Changelog\CSS\table.css
	EndProjectSection
EndProject
Project("{2150E333-8FDC-42A3-9474-1A3956D46DE8}") = "IMG", "IMG", "{3FBD4A85-FA04-470D-BD52-F086246B78FA}"
	ProjectSection(SolutionItems) = preProject
		..\..\Updates\Changelog\IMG\Krypton.ico = ..\..\Updates\Changelog\IMG\Krypton.ico
	EndProjectSection
EndProject
Project("{FAE04EC0-301F-11D3-BF4B-00C04F79EFBC}") = "Palette Renderer", "Palette Renderer\Palette Renderer.csproj", "{87182631-9FEB-4250-B39F-63BB6714AEA5}"
EndProject
Project("{FAE04EC0-301F-11D3-BF4B-00C04F79EFBC}") = "Palette Composer", "Palette Composer\Palette Composer.csproj", "{6F708C9A-C7C7-42F6-B80E-8B4CB3209C8A}"
EndProject
Project("{FAE04EC0-301F-11D3-BF4B-00C04F79EFBC}") = "Colour Creator", "Colour Creator\Colour Creator.csproj", "{EEC1BBB0-C57D-4A84-960E-C43069190F6F}"
EndProject
Project("{FAE04EC0-301F-11D3-BF4B-00C04F79EFBC}") = "Palette Creator", "Palette Creator\Palette Creator.csproj", "{E668A872-620B-4247-9629-28F12F7B0FD7}"
EndProject
Project("{FAE04EC0-301F-11D3-BF4B-00C04F79EFBC}") = "Global Utilities", "Global Utilities\Global Utilities.csproj", "{EDB87D0C-A37C-48B5-9857-F014C438A4C5}"
EndProject
Project("{FAE04EC0-301F-11D3-BF4B-00C04F79EFBC}") = "Colour Composer", "Colour Composer\Colour Composer.csproj", "{4BC3370D-D8CF-44E9-9D82-439AA9E937C2}"
EndProject
Project("{FAE04EC0-301F-11D3-BF4B-00C04F79EFBC}") = "Extended File Dialogs", "Extended File Dialogs\Extended File Dialogs.csproj", "{D4644D8A-1C7A-43B6-8461-AB0B56FD6463}"
EndProject
Project("{FAE04EC0-301F-11D3-BF4B-00C04F79EFBC}") = "Tooling", "Tooling\Tooling.csproj", "{EFB997FB-1E05-444B-BA02-16C004E1A111}"
EndProject
Global
	GlobalSection(SolutionConfigurationPlatforms) = preSolution
		Debug|Any CPU = Debug|Any CPU
		Debug|x86 = Debug|x86
		Installer Only|Any CPU = Installer Only|Any CPU
		Installer Only|x86 = Installer Only|x86
		Release|Any CPU = Release|Any CPU
		Release|x86 = Release|x86
	EndGlobalSection
	GlobalSection(ProjectConfigurationPlatforms) = postSolution
		{1C9153E4-CDC4-44C9-9794-1D144FE87A1F}.Debug|Any CPU.ActiveCfg = Debug|Any CPU
		{1C9153E4-CDC4-44C9-9794-1D144FE87A1F}.Debug|Any CPU.Build.0 = Debug|Any CPU
		{1C9153E4-CDC4-44C9-9794-1D144FE87A1F}.Debug|x86.ActiveCfg = Debug|Any CPU
		{1C9153E4-CDC4-44C9-9794-1D144FE87A1F}.Debug|x86.Build.0 = Debug|Any CPU
		{1C9153E4-CDC4-44C9-9794-1D144FE87A1F}.Installer Only|Any CPU.ActiveCfg = Debug|Any CPU
		{1C9153E4-CDC4-44C9-9794-1D144FE87A1F}.Installer Only|x86.ActiveCfg = Debug|Any CPU
		{1C9153E4-CDC4-44C9-9794-1D144FE87A1F}.Installer Only|x86.Build.0 = Debug|Any CPU
		{1C9153E4-CDC4-44C9-9794-1D144FE87A1F}.Release|Any CPU.ActiveCfg = Release|Any CPU
		{1C9153E4-CDC4-44C9-9794-1D144FE87A1F}.Release|Any CPU.Build.0 = Release|Any CPU
		{1C9153E4-CDC4-44C9-9794-1D144FE87A1F}.Release|x86.ActiveCfg = Release|Any CPU
		{1C9153E4-CDC4-44C9-9794-1D144FE87A1F}.Release|x86.Build.0 = Release|Any CPU
		{2A10C696-45AD-48AA-8EAD-2CB322672972}.Debug|Any CPU.ActiveCfg = Debug|Any CPU
		{2A10C696-45AD-48AA-8EAD-2CB322672972}.Debug|Any CPU.Build.0 = Debug|Any CPU
		{2A10C696-45AD-48AA-8EAD-2CB322672972}.Debug|x86.ActiveCfg = Debug|Any CPU
		{2A10C696-45AD-48AA-8EAD-2CB322672972}.Debug|x86.Build.0 = Debug|Any CPU
		{2A10C696-45AD-48AA-8EAD-2CB322672972}.Installer Only|Any CPU.ActiveCfg = Debug|Any CPU
		{2A10C696-45AD-48AA-8EAD-2CB322672972}.Installer Only|x86.ActiveCfg = Debug|Any CPU
		{2A10C696-45AD-48AA-8EAD-2CB322672972}.Installer Only|x86.Build.0 = Debug|Any CPU
		{2A10C696-45AD-48AA-8EAD-2CB322672972}.Release|Any CPU.ActiveCfg = Release|Any CPU
		{2A10C696-45AD-48AA-8EAD-2CB322672972}.Release|Any CPU.Build.0 = Release|Any CPU
		{2A10C696-45AD-48AA-8EAD-2CB322672972}.Release|x86.ActiveCfg = Release|Any CPU
		{2A10C696-45AD-48AA-8EAD-2CB322672972}.Release|x86.Build.0 = Release|Any CPU
		{187B24BA-4B66-4D61-9BD6-D0E83DB45BD5}.Debug|Any CPU.ActiveCfg = Debug|Any CPU
		{187B24BA-4B66-4D61-9BD6-D0E83DB45BD5}.Debug|Any CPU.Build.0 = Debug|Any CPU
		{187B24BA-4B66-4D61-9BD6-D0E83DB45BD5}.Debug|x86.ActiveCfg = Debug|Any CPU
		{187B24BA-4B66-4D61-9BD6-D0E83DB45BD5}.Debug|x86.Build.0 = Debug|Any CPU
		{187B24BA-4B66-4D61-9BD6-D0E83DB45BD5}.Installer Only|Any CPU.ActiveCfg = Debug|Any CPU
		{187B24BA-4B66-4D61-9BD6-D0E83DB45BD5}.Installer Only|x86.ActiveCfg = Debug|Any CPU
		{187B24BA-4B66-4D61-9BD6-D0E83DB45BD5}.Installer Only|x86.Build.0 = Debug|Any CPU
		{187B24BA-4B66-4D61-9BD6-D0E83DB45BD5}.Release|Any CPU.ActiveCfg = Release|Any CPU
		{187B24BA-4B66-4D61-9BD6-D0E83DB45BD5}.Release|Any CPU.Build.0 = Release|Any CPU
		{187B24BA-4B66-4D61-9BD6-D0E83DB45BD5}.Release|x86.ActiveCfg = Release|Any CPU
		{187B24BA-4B66-4D61-9BD6-D0E83DB45BD5}.Release|x86.Build.0 = Release|Any CPU
		{CA97E339-2014-47E3-890B-DF35F31EC11F}.Debug|Any CPU.ActiveCfg = Debug|Any CPU
		{CA97E339-2014-47E3-890B-DF35F31EC11F}.Debug|Any CPU.Build.0 = Debug|Any CPU
		{CA97E339-2014-47E3-890B-DF35F31EC11F}.Debug|x86.ActiveCfg = Debug|Any CPU
		{CA97E339-2014-47E3-890B-DF35F31EC11F}.Debug|x86.Build.0 = Debug|Any CPU
		{CA97E339-2014-47E3-890B-DF35F31EC11F}.Installer Only|Any CPU.ActiveCfg = Debug|Any CPU
		{CA97E339-2014-47E3-890B-DF35F31EC11F}.Installer Only|x86.ActiveCfg = Debug|Any CPU
		{CA97E339-2014-47E3-890B-DF35F31EC11F}.Installer Only|x86.Build.0 = Debug|Any CPU
		{CA97E339-2014-47E3-890B-DF35F31EC11F}.Release|Any CPU.ActiveCfg = Release|Any CPU
		{CA97E339-2014-47E3-890B-DF35F31EC11F}.Release|Any CPU.Build.0 = Release|Any CPU
		{CA97E339-2014-47E3-890B-DF35F31EC11F}.Release|x86.ActiveCfg = Release|Any CPU
		{CA97E339-2014-47E3-890B-DF35F31EC11F}.Release|x86.Build.0 = Release|Any CPU
		{E10C5153-0007-4DD3-930D-9D3117DB7C44}.Debug|Any CPU.ActiveCfg = Debug|Any CPU
		{E10C5153-0007-4DD3-930D-9D3117DB7C44}.Debug|Any CPU.Build.0 = Debug|Any CPU
		{E10C5153-0007-4DD3-930D-9D3117DB7C44}.Debug|x86.ActiveCfg = Debug|Any CPU
		{E10C5153-0007-4DD3-930D-9D3117DB7C44}.Debug|x86.Build.0 = Debug|Any CPU
		{E10C5153-0007-4DD3-930D-9D3117DB7C44}.Installer Only|Any CPU.ActiveCfg = Debug|Any CPU
		{E10C5153-0007-4DD3-930D-9D3117DB7C44}.Installer Only|x86.ActiveCfg = Debug|Any CPU
		{E10C5153-0007-4DD3-930D-9D3117DB7C44}.Installer Only|x86.Build.0 = Debug|Any CPU
		{E10C5153-0007-4DD3-930D-9D3117DB7C44}.Release|Any CPU.ActiveCfg = Release|Any CPU
		{E10C5153-0007-4DD3-930D-9D3117DB7C44}.Release|Any CPU.Build.0 = Release|Any CPU
		{E10C5153-0007-4DD3-930D-9D3117DB7C44}.Release|x86.ActiveCfg = Release|Any CPU
		{E10C5153-0007-4DD3-930D-9D3117DB7C44}.Release|x86.Build.0 = Release|Any CPU
		{BCC482FD-377F-4918-B91A-09444AC90A8E}.Debug|Any CPU.ActiveCfg = Debug|Any CPU
		{BCC482FD-377F-4918-B91A-09444AC90A8E}.Debug|Any CPU.Build.0 = Debug|Any CPU
		{BCC482FD-377F-4918-B91A-09444AC90A8E}.Debug|x86.ActiveCfg = Debug|Any CPU
		{BCC482FD-377F-4918-B91A-09444AC90A8E}.Debug|x86.Build.0 = Debug|Any CPU
		{BCC482FD-377F-4918-B91A-09444AC90A8E}.Installer Only|Any CPU.ActiveCfg = Debug|Any CPU
		{BCC482FD-377F-4918-B91A-09444AC90A8E}.Installer Only|x86.ActiveCfg = Debug|Any CPU
		{BCC482FD-377F-4918-B91A-09444AC90A8E}.Installer Only|x86.Build.0 = Debug|Any CPU
		{BCC482FD-377F-4918-B91A-09444AC90A8E}.Release|Any CPU.ActiveCfg = Release|Any CPU
		{BCC482FD-377F-4918-B91A-09444AC90A8E}.Release|Any CPU.Build.0 = Release|Any CPU
		{BCC482FD-377F-4918-B91A-09444AC90A8E}.Release|x86.ActiveCfg = Release|Any CPU
		{BCC482FD-377F-4918-B91A-09444AC90A8E}.Release|x86.Build.0 = Release|Any CPU
		{589068CB-78CE-40FA-95AA-9FEAD9C183F2}.Debug|Any CPU.ActiveCfg = Debug|Any CPU
		{589068CB-78CE-40FA-95AA-9FEAD9C183F2}.Debug|Any CPU.Build.0 = Debug|Any CPU
		{589068CB-78CE-40FA-95AA-9FEAD9C183F2}.Debug|x86.ActiveCfg = Debug|Any CPU
		{589068CB-78CE-40FA-95AA-9FEAD9C183F2}.Debug|x86.Build.0 = Debug|Any CPU
		{589068CB-78CE-40FA-95AA-9FEAD9C183F2}.Installer Only|Any CPU.ActiveCfg = Debug|Any CPU
		{589068CB-78CE-40FA-95AA-9FEAD9C183F2}.Installer Only|x86.ActiveCfg = Debug|Any CPU
		{589068CB-78CE-40FA-95AA-9FEAD9C183F2}.Installer Only|x86.Build.0 = Debug|Any CPU
		{589068CB-78CE-40FA-95AA-9FEAD9C183F2}.Release|Any CPU.ActiveCfg = Release|Any CPU
		{589068CB-78CE-40FA-95AA-9FEAD9C183F2}.Release|Any CPU.Build.0 = Release|Any CPU
		{589068CB-78CE-40FA-95AA-9FEAD9C183F2}.Release|x86.ActiveCfg = Release|Any CPU
		{589068CB-78CE-40FA-95AA-9FEAD9C183F2}.Release|x86.Build.0 = Release|Any CPU
		{B663D78B-97A6-4729-9F6B-12DC5392E9C7}.Debug|Any CPU.ActiveCfg = DefaultBuild
		{B663D78B-97A6-4729-9F6B-12DC5392E9C7}.Debug|Any CPU.Build.0 = DefaultBuild
		{B663D78B-97A6-4729-9F6B-12DC5392E9C7}.Debug|x86.ActiveCfg = DefaultBuild
		{B663D78B-97A6-4729-9F6B-12DC5392E9C7}.Debug|x86.Build.0 = DefaultBuild
		{B663D78B-97A6-4729-9F6B-12DC5392E9C7}.Installer Only|Any CPU.ActiveCfg = DefaultBuild
		{B663D78B-97A6-4729-9F6B-12DC5392E9C7}.Installer Only|Any CPU.Build.0 = DefaultBuild
		{B663D78B-97A6-4729-9F6B-12DC5392E9C7}.Installer Only|x86.ActiveCfg = DefaultBuild
		{B663D78B-97A6-4729-9F6B-12DC5392E9C7}.Installer Only|x86.Build.0 = DefaultBuild
		{B663D78B-97A6-4729-9F6B-12DC5392E9C7}.Release|Any CPU.ActiveCfg = DefaultBuild
		{B663D78B-97A6-4729-9F6B-12DC5392E9C7}.Release|Any CPU.Build.0 = DefaultBuild
		{B663D78B-97A6-4729-9F6B-12DC5392E9C7}.Release|x86.ActiveCfg = DefaultBuild
		{B663D78B-97A6-4729-9F6B-12DC5392E9C7}.Release|x86.Build.0 = DefaultBuild
		{7474A9BB-8747-4EF7-8513-04C8229CFD95}.Debug|Any CPU.ActiveCfg = Debug|x86
		{7474A9BB-8747-4EF7-8513-04C8229CFD95}.Debug|x86.ActiveCfg = Debug|x86
		{7474A9BB-8747-4EF7-8513-04C8229CFD95}.Debug|x86.Build.0 = Debug|x86
		{7474A9BB-8747-4EF7-8513-04C8229CFD95}.Installer Only|Any CPU.ActiveCfg = Release|x86
		{7474A9BB-8747-4EF7-8513-04C8229CFD95}.Installer Only|Any CPU.Build.0 = Release|x86
		{7474A9BB-8747-4EF7-8513-04C8229CFD95}.Installer Only|x86.ActiveCfg = Debug|x86
		{7474A9BB-8747-4EF7-8513-04C8229CFD95}.Installer Only|x86.Build.0 = Debug|x86
		{7474A9BB-8747-4EF7-8513-04C8229CFD95}.Release|Any CPU.ActiveCfg = Release|x86
		{7474A9BB-8747-4EF7-8513-04C8229CFD95}.Release|x86.ActiveCfg = Release|x86
		{7474A9BB-8747-4EF7-8513-04C8229CFD95}.Release|x86.Build.0 = Release|x86
		{87182631-9FEB-4250-B39F-63BB6714AEA5}.Debug|Any CPU.ActiveCfg = Debug|Any CPU
		{87182631-9FEB-4250-B39F-63BB6714AEA5}.Debug|Any CPU.Build.0 = Debug|Any CPU
		{87182631-9FEB-4250-B39F-63BB6714AEA5}.Debug|x86.ActiveCfg = Debug|Any CPU
		{87182631-9FEB-4250-B39F-63BB6714AEA5}.Debug|x86.Build.0 = Debug|Any CPU
		{87182631-9FEB-4250-B39F-63BB6714AEA5}.Installer Only|Any CPU.ActiveCfg = Release|Any CPU
		{87182631-9FEB-4250-B39F-63BB6714AEA5}.Installer Only|Any CPU.Build.0 = Release|Any CPU
		{87182631-9FEB-4250-B39F-63BB6714AEA5}.Installer Only|x86.ActiveCfg = Release|Any CPU
		{87182631-9FEB-4250-B39F-63BB6714AEA5}.Installer Only|x86.Build.0 = Release|Any CPU
		{87182631-9FEB-4250-B39F-63BB6714AEA5}.Release|Any CPU.ActiveCfg = Release|Any CPU
		{87182631-9FEB-4250-B39F-63BB6714AEA5}.Release|Any CPU.Build.0 = Release|Any CPU
		{87182631-9FEB-4250-B39F-63BB6714AEA5}.Release|x86.ActiveCfg = Release|Any CPU
		{87182631-9FEB-4250-B39F-63BB6714AEA5}.Release|x86.Build.0 = Release|Any CPU
		{6F708C9A-C7C7-42F6-B80E-8B4CB3209C8A}.Debug|Any CPU.ActiveCfg = Debug|Any CPU
		{6F708C9A-C7C7-42F6-B80E-8B4CB3209C8A}.Debug|Any CPU.Build.0 = Debug|Any CPU
		{6F708C9A-C7C7-42F6-B80E-8B4CB3209C8A}.Debug|x86.ActiveCfg = Debug|Any CPU
		{6F708C9A-C7C7-42F6-B80E-8B4CB3209C8A}.Debug|x86.Build.0 = Debug|Any CPU
		{6F708C9A-C7C7-42F6-B80E-8B4CB3209C8A}.Installer Only|Any CPU.ActiveCfg = Release|Any CPU
		{6F708C9A-C7C7-42F6-B80E-8B4CB3209C8A}.Installer Only|Any CPU.Build.0 = Release|Any CPU
		{6F708C9A-C7C7-42F6-B80E-8B4CB3209C8A}.Installer Only|x86.ActiveCfg = Release|Any CPU
		{6F708C9A-C7C7-42F6-B80E-8B4CB3209C8A}.Installer Only|x86.Build.0 = Release|Any CPU
		{6F708C9A-C7C7-42F6-B80E-8B4CB3209C8A}.Release|Any CPU.ActiveCfg = Release|Any CPU
		{6F708C9A-C7C7-42F6-B80E-8B4CB3209C8A}.Release|Any CPU.Build.0 = Release|Any CPU
		{6F708C9A-C7C7-42F6-B80E-8B4CB3209C8A}.Release|x86.ActiveCfg = Release|Any CPU
		{6F708C9A-C7C7-42F6-B80E-8B4CB3209C8A}.Release|x86.Build.0 = Release|Any CPU
		{EEC1BBB0-C57D-4A84-960E-C43069190F6F}.Debug|Any CPU.ActiveCfg = Debug|Any CPU
		{EEC1BBB0-C57D-4A84-960E-C43069190F6F}.Debug|Any CPU.Build.0 = Debug|Any CPU
		{EEC1BBB0-C57D-4A84-960E-C43069190F6F}.Debug|x86.ActiveCfg = Debug|Any CPU
		{EEC1BBB0-C57D-4A84-960E-C43069190F6F}.Debug|x86.Build.0 = Debug|Any CPU
		{EEC1BBB0-C57D-4A84-960E-C43069190F6F}.Installer Only|Any CPU.ActiveCfg = Release|Any CPU
		{EEC1BBB0-C57D-4A84-960E-C43069190F6F}.Installer Only|Any CPU.Build.0 = Release|Any CPU
		{EEC1BBB0-C57D-4A84-960E-C43069190F6F}.Installer Only|x86.ActiveCfg = Release|Any CPU
		{EEC1BBB0-C57D-4A84-960E-C43069190F6F}.Installer Only|x86.Build.0 = Release|Any CPU
		{EEC1BBB0-C57D-4A84-960E-C43069190F6F}.Release|Any CPU.ActiveCfg = Release|Any CPU
		{EEC1BBB0-C57D-4A84-960E-C43069190F6F}.Release|Any CPU.Build.0 = Release|Any CPU
		{EEC1BBB0-C57D-4A84-960E-C43069190F6F}.Release|x86.ActiveCfg = Release|Any CPU
		{EEC1BBB0-C57D-4A84-960E-C43069190F6F}.Release|x86.Build.0 = Release|Any CPU
		{E668A872-620B-4247-9629-28F12F7B0FD7}.Debug|Any CPU.ActiveCfg = Debug|Any CPU
		{E668A872-620B-4247-9629-28F12F7B0FD7}.Debug|Any CPU.Build.0 = Debug|Any CPU
		{E668A872-620B-4247-9629-28F12F7B0FD7}.Debug|x86.ActiveCfg = Debug|Any CPU
		{E668A872-620B-4247-9629-28F12F7B0FD7}.Debug|x86.Build.0 = Debug|Any CPU
		{E668A872-620B-4247-9629-28F12F7B0FD7}.Installer Only|Any CPU.ActiveCfg = Release|Any CPU
		{E668A872-620B-4247-9629-28F12F7B0FD7}.Installer Only|Any CPU.Build.0 = Release|Any CPU
		{E668A872-620B-4247-9629-28F12F7B0FD7}.Installer Only|x86.ActiveCfg = Release|Any CPU
		{E668A872-620B-4247-9629-28F12F7B0FD7}.Installer Only|x86.Build.0 = Release|Any CPU
		{E668A872-620B-4247-9629-28F12F7B0FD7}.Release|Any CPU.ActiveCfg = Release|Any CPU
		{E668A872-620B-4247-9629-28F12F7B0FD7}.Release|Any CPU.Build.0 = Release|Any CPU
		{E668A872-620B-4247-9629-28F12F7B0FD7}.Release|x86.ActiveCfg = Release|Any CPU
		{E668A872-620B-4247-9629-28F12F7B0FD7}.Release|x86.Build.0 = Release|Any CPU
		{EDB87D0C-A37C-48B5-9857-F014C438A4C5}.Debug|Any CPU.ActiveCfg = Debug|Any CPU
		{EDB87D0C-A37C-48B5-9857-F014C438A4C5}.Debug|Any CPU.Build.0 = Debug|Any CPU
		{EDB87D0C-A37C-48B5-9857-F014C438A4C5}.Debug|x86.ActiveCfg = Debug|Any CPU
		{EDB87D0C-A37C-48B5-9857-F014C438A4C5}.Debug|x86.Build.0 = Debug|Any CPU
		{EDB87D0C-A37C-48B5-9857-F014C438A4C5}.Installer Only|Any CPU.ActiveCfg = Release|Any CPU
		{EDB87D0C-A37C-48B5-9857-F014C438A4C5}.Installer Only|Any CPU.Build.0 = Release|Any CPU
		{EDB87D0C-A37C-48B5-9857-F014C438A4C5}.Installer Only|x86.ActiveCfg = Release|Any CPU
		{EDB87D0C-A37C-48B5-9857-F014C438A4C5}.Installer Only|x86.Build.0 = Release|Any CPU
		{EDB87D0C-A37C-48B5-9857-F014C438A4C5}.Release|Any CPU.ActiveCfg = Release|Any CPU
		{EDB87D0C-A37C-48B5-9857-F014C438A4C5}.Release|Any CPU.Build.0 = Release|Any CPU
		{EDB87D0C-A37C-48B5-9857-F014C438A4C5}.Release|x86.ActiveCfg = Release|Any CPU
		{EDB87D0C-A37C-48B5-9857-F014C438A4C5}.Release|x86.Build.0 = Release|Any CPU
		{4BC3370D-D8CF-44E9-9D82-439AA9E937C2}.Debug|Any CPU.ActiveCfg = Debug|Any CPU
		{4BC3370D-D8CF-44E9-9D82-439AA9E937C2}.Debug|Any CPU.Build.0 = Debug|Any CPU
		{4BC3370D-D8CF-44E9-9D82-439AA9E937C2}.Debug|x86.ActiveCfg = Debug|Any CPU
		{4BC3370D-D8CF-44E9-9D82-439AA9E937C2}.Debug|x86.Build.0 = Debug|Any CPU
		{4BC3370D-D8CF-44E9-9D82-439AA9E937C2}.Installer Only|Any CPU.ActiveCfg = Release|Any CPU
		{4BC3370D-D8CF-44E9-9D82-439AA9E937C2}.Installer Only|Any CPU.Build.0 = Release|Any CPU
		{4BC3370D-D8CF-44E9-9D82-439AA9E937C2}.Installer Only|x86.ActiveCfg = Release|Any CPU
		{4BC3370D-D8CF-44E9-9D82-439AA9E937C2}.Installer Only|x86.Build.0 = Release|Any CPU
		{4BC3370D-D8CF-44E9-9D82-439AA9E937C2}.Release|Any CPU.ActiveCfg = Release|Any CPU
		{4BC3370D-D8CF-44E9-9D82-439AA9E937C2}.Release|Any CPU.Build.0 = Release|Any CPU
		{4BC3370D-D8CF-44E9-9D82-439AA9E937C2}.Release|x86.ActiveCfg = Release|Any CPU
		{4BC3370D-D8CF-44E9-9D82-439AA9E937C2}.Release|x86.Build.0 = Release|Any CPU
		{D4644D8A-1C7A-43B6-8461-AB0B56FD6463}.Debug|Any CPU.ActiveCfg = Debug|Any CPU
		{D4644D8A-1C7A-43B6-8461-AB0B56FD6463}.Debug|Any CPU.Build.0 = Debug|Any CPU
		{D4644D8A-1C7A-43B6-8461-AB0B56FD6463}.Debug|x86.ActiveCfg = Debug|Any CPU
		{D4644D8A-1C7A-43B6-8461-AB0B56FD6463}.Debug|x86.Build.0 = Debug|Any CPU
		{D4644D8A-1C7A-43B6-8461-AB0B56FD6463}.Installer Only|Any CPU.ActiveCfg = Release|Any CPU
		{D4644D8A-1C7A-43B6-8461-AB0B56FD6463}.Installer Only|Any CPU.Build.0 = Release|Any CPU
		{D4644D8A-1C7A-43B6-8461-AB0B56FD6463}.Installer Only|x86.ActiveCfg = Release|Any CPU
		{D4644D8A-1C7A-43B6-8461-AB0B56FD6463}.Installer Only|x86.Build.0 = Release|Any CPU
		{D4644D8A-1C7A-43B6-8461-AB0B56FD6463}.Release|Any CPU.ActiveCfg = Release|Any CPU
		{D4644D8A-1C7A-43B6-8461-AB0B56FD6463}.Release|Any CPU.Build.0 = Release|Any CPU
		{D4644D8A-1C7A-43B6-8461-AB0B56FD6463}.Release|x86.ActiveCfg = Release|Any CPU
		{D4644D8A-1C7A-43B6-8461-AB0B56FD6463}.Release|x86.Build.0 = Release|Any CPU
		{EFB997FB-1E05-444B-BA02-16C004E1A111}.Debug|Any CPU.ActiveCfg = Debug|Any CPU
		{EFB997FB-1E05-444B-BA02-16C004E1A111}.Debug|Any CPU.Build.0 = Debug|Any CPU
		{EFB997FB-1E05-444B-BA02-16C004E1A111}.Debug|x86.ActiveCfg = Debug|Any CPU
		{EFB997FB-1E05-444B-BA02-16C004E1A111}.Debug|x86.Build.0 = Debug|Any CPU
		{EFB997FB-1E05-444B-BA02-16C004E1A111}.Installer Only|Any CPU.ActiveCfg = Release|Any CPU
		{EFB997FB-1E05-444B-BA02-16C004E1A111}.Installer Only|Any CPU.Build.0 = Release|Any CPU
		{EFB997FB-1E05-444B-BA02-16C004E1A111}.Installer Only|x86.ActiveCfg = Release|Any CPU
		{EFB997FB-1E05-444B-BA02-16C004E1A111}.Installer Only|x86.Build.0 = Release|Any CPU
		{EFB997FB-1E05-444B-BA02-16C004E1A111}.Release|Any CPU.ActiveCfg = Release|Any CPU
		{EFB997FB-1E05-444B-BA02-16C004E1A111}.Release|Any CPU.Build.0 = Release|Any CPU
		{EFB997FB-1E05-444B-BA02-16C004E1A111}.Release|x86.ActiveCfg = Release|Any CPU
		{EFB997FB-1E05-444B-BA02-16C004E1A111}.Release|x86.Build.0 = Release|Any CPU
	EndGlobalSection
	GlobalSection(SolutionProperties) = preSolution
		HideSolutionNode = FALSE
	EndGlobalSection
	GlobalSection(NestedProjects) = preSolution
		{D2B92C0D-A67E-4739-A6F9-DFA7F5DF7E3E} = {D4ADA5CA-C5FE-4C4C-9B56-17CBCA64240B}
		{7E8CB4D3-B017-4E65-81CD-74DBFA0E30DB} = {D2B92C0D-A67E-4739-A6F9-DFA7F5DF7E3E}
		{3FBD4A85-FA04-470D-BD52-F086246B78FA} = {D2B92C0D-A67E-4739-A6F9-DFA7F5DF7E3E}
	EndGlobalSection
	GlobalSection(ExtensibilityGlobals) = postSolution
		SolutionGuid = {A4D1018D-143A-451D-8FC0-F63E4923F552}
	EndGlobalSection
EndGlobal
