
Microsoft Visual Studio Solution File, Format Version 12.00
# Visual Studio 15
VisualStudioVersion = 15.0.28307.168
MinimumVisualStudioVersion = 10.0.40219.1
Project("{FAE04EC0-301F-11D3-BF4B-00C04F79EFBC}") = "Extended Controls", "Extended Controls\Extended Controls.csproj", "{1C9153E4-CDC4-44C9-9794-1D144FE87A1F}"
EndProject
Project("{FAE04EC0-301F-11D3-BF4B-00C04F79EFBC}") = "Krypton Outlook Grid", "Krypton Outlook Grid\Krypton Outlook Grid.csproj", "{2A10C696-45AD-48AA-8EAD-2CB322672972}"
EndProject
Project("{FAE04EC0-301F-11D3-BF4B-00C04F79EFBC}") = "Item Templates", "Item Templates\Item Templates.csproj", "{187B24BA-4B66-4D61-9BD6-D0E83DB45BD5}"
EndProject
Project("{FAE04EC0-301F-11D3-BF4B-00C04F79EFBC}") = "Krypton Wizard", "Krypton Wizard\Krypton Wizard.csproj", "{CA97E339-2014-47E3-890B-DF35F31EC11F}"
EndProject
Project("{FAE04EC0-301F-11D3-BF4B-00C04F79EFBC}") = "Playground", "Playground\Playground.csproj", "{E10C5153-0007-4DD3-930D-9D3117DB7C44}"
EndProject
Project("{FAE04EC0-301F-11D3-BF4B-00C04F79EFBC}") = "Application Updater", "Application Updater\Application Updater.csproj", "{BCC482FD-377F-4918-B91A-09444AC90A8E}"
EndProject
Project("{2150E333-8FDC-42A3-9474-1A3956D46DE8}") = "Readme", "Readme", "{3B7410AE-4D93-411E-9C06-5CB84636CBD5}"
	ProjectSection(SolutionItems) = preProject
		..\..\LICENSE = ..\..\LICENSE
		..\..\README.md = ..\..\README.md
	EndProjectSection
EndProject
Project("{FAE04EC0-301F-11D3-BF4B-00C04F79EFBC}") = "Update File Creator", "Update File Creator\Update File Creator.csproj", "{589068CB-78CE-40FA-95AA-9FEAD9C183F2}"
EndProject
Project("{2150E333-8FDC-42A3-9474-1A3956D46DE8}") = "Solution Items", "Solution Items", "{B4B787F0-53A2-498F-8893-091C709F73E4}"
	ProjectSection(SolutionItems) = preProject
		..\..\.gitignore = ..\..\.gitignore
	EndProjectSection
EndProject
Project("{2150E333-8FDC-42A3-9474-1A3956D46DE8}") = "Updates", "Updates", "{D4ADA5CA-C5FE-4C4C-9B56-17CBCA64240B}"
EndProject
Project("{2150E333-8FDC-42A3-9474-1A3956D46DE8}") = "Changelog", "Changelog", "{D2B92C0D-A67E-4739-A6F9-DFA7F5DF7E3E}"
	ProjectSection(SolutionItems) = preProject
		..\..\Updates\Changelog\changelog.html = ..\..\Updates\Changelog\changelog.html
	EndProjectSection
EndProject
Project("{2150E333-8FDC-42A3-9474-1A3956D46DE8}") = "CSS", "CSS", "{7E8CB4D3-B017-4E65-81CD-74DBFA0E30DB}"
	ProjectSection(SolutionItems) = preProject
		..\..\Updates\Changelog\CSS\main.css = ..\..\Updates\Changelog\CSS\main.css
		..\..\Updates\Changelog\CSS\table.css = ..\..\Updates\Changelog\CSS\table.css
	EndProjectSection
EndProject
Project("{2150E333-8FDC-42A3-9474-1A3956D46DE8}") = "IMG", "IMG", "{3FBD4A85-FA04-470D-BD52-F086246B78FA}"
	ProjectSection(SolutionItems) = preProject
		..\..\Updates\Changelog\IMG\Krypton.ico = ..\..\Updates\Changelog\IMG\Krypton.ico
	EndProjectSection
EndProject
Project("{FAE04EC0-301F-11D3-BF4B-00C04F79EFBC}") = "Palette Composer", "Palette Composer\Palette Composer.csproj", "{6F708C9A-C7C7-42F6-B80E-8B4CB3209C8A}"
EndProject
Project("{FAE04EC0-301F-11D3-BF4B-00C04F79EFBC}") = "Colour Creator", "Colour Creator\Colour Creator.csproj", "{EEC1BBB0-C57D-4A84-960E-C43069190F6F}"
EndProject
Project("{FAE04EC0-301F-11D3-BF4B-00C04F79EFBC}") = "Palette Creator", "Palette Creator\Palette Creator.csproj", "{E668A872-620B-4247-9629-28F12F7B0FD7}"
EndProject
Project("{FAE04EC0-301F-11D3-BF4B-00C04F79EFBC}") = "Global Utilities", "Global Utilities\Global Utilities.csproj", "{EDB87D0C-A37C-48B5-9857-F014C438A4C5}"
EndProject
Project("{FAE04EC0-301F-11D3-BF4B-00C04F79EFBC}") = "Extended File Dialogs", "Extended File Dialogs\Extended File Dialogs.csproj", "{D4644D8A-1C7A-43B6-8461-AB0B56FD6463}"
EndProject
Project("{FAE04EC0-301F-11D3-BF4B-00C04F79EFBC}") = "Core", "Tooling\Core.csproj", "{EFB997FB-1E05-444B-BA02-16C004E1A111}"
EndProject
Project("{2150E333-8FDC-42A3-9474-1A3956D46DE8}") = "Assets", "Assets", "{F105F91F-3940-44DD-AA7F-B3CEB9EBBC88}"
EndProject
Project("{2150E333-8FDC-42A3-9474-1A3956D46DE8}") = "PSD", "PSD", "{CC796EB8-B522-4FA7-A0D5-9F35BF737D85}"
EndProject
Project("{2150E333-8FDC-42A3-9474-1A3956D46DE8}") = "PNG", "PNG", "{D12038C3-B795-4BF0-9E03-8EC282FED476}"
EndProject
Project("{2150E333-8FDC-42A3-9474-1A3956D46DE8}") = "ICO", "ICO", "{68CF0D41-4A18-47AA-A4DD-2C5031AD67CB}"
EndProject
Project("{FAE04EC0-301F-11D3-BF4B-00C04F79EFBC}") = "Krypton Toolkit Extended Hub", "Krypton Toolkit Extended Hub\Krypton Toolkit Extended Hub.csproj", "{2ED623EA-947D-4B53-9E9F-05674EF0084D}"
EndProject
Project("{FAE04EC0-301F-11D3-BF4B-00C04F79EFBC}") = "Palette Editor", "Palette Editor\Palette Editor.csproj", "{5EA4522D-B13C-45B1-9BC6-13E29587248A}"
EndProject
Project("{FAE04EC0-301F-11D3-BF4B-00C04F79EFBC}") = "Krypton Explorer", "Krypton Explorer\Krypton Explorer.csproj", "{C22089EE-7482-413B-BD23-A60DF135BF56}"
EndProject
Project("{FAE04EC0-301F-11D3-BF4B-00C04F79EFBC}") = "Palette Explorer", "Palette Explorer\Palette Explorer.csproj", "{246B3B50-3A2D-4A6A-BB69-E56D94108AC1}"
EndProject
Project("{2150E333-8FDC-42A3-9474-1A3956D46DE8}") = "TXT", "TXT", "{DE81BC2A-EC33-4847-A34E-62B5849C2A93}"
	ProjectSection(SolutionItems) = preProject
		KryptonCalendar-how to Kryptonize.txt = KryptonCalendar-how to Kryptonize.txt
	EndProjectSection
EndProject
Global
	GlobalSection(SolutionConfigurationPlatforms) = preSolution
		Debug|Any CPU = Debug|Any CPU
		Debug|x86 = Debug|x86
		Installer Only|Any CPU = Installer Only|Any CPU
		Installer Only|x86 = Installer Only|x86
		Release|Any CPU = Release|Any CPU
		Release|x86 = Release|x86
	EndGlobalSection
	GlobalSection(ProjectConfigurationPlatforms) = postSolution
		{1C9153E4-CDC4-44C9-9794-1D144FE87A1F}.Debug|Any CPU.ActiveCfg = Debug|Any CPU
		{1C9153E4-CDC4-44C9-9794-1D144FE87A1F}.Debug|Any CPU.Build.0 = Debug|Any CPU
		{1C9153E4-CDC4-44C9-9794-1D144FE87A1F}.Debug|x86.ActiveCfg = Debug|Any CPU
		{1C9153E4-CDC4-44C9-9794-1D144FE87A1F}.Debug|x86.Build.0 = Debug|Any CPU
		{1C9153E4-CDC4-44C9-9794-1D144FE87A1F}.Installer Only|Any CPU.ActiveCfg = Debug|Any CPU
		{1C9153E4-CDC4-44C9-9794-1D144FE87A1F}.Installer Only|x86.ActiveCfg = Debug|Any CPU
		{1C9153E4-CDC4-44C9-9794-1D144FE87A1F}.Installer Only|x86.Build.0 = Debug|Any CPU
		{1C9153E4-CDC4-44C9-9794-1D144FE87A1F}.Release|Any CPU.ActiveCfg = Release|Any CPU
		{1C9153E4-CDC4-44C9-9794-1D144FE87A1F}.Release|Any CPU.Build.0 = Release|Any CPU
		{1C9153E4-CDC4-44C9-9794-1D144FE87A1F}.Release|x86.ActiveCfg = Release|Any CPU
		{1C9153E4-CDC4-44C9-9794-1D144FE87A1F}.Release|x86.Build.0 = Release|Any CPU
		{2A10C696-45AD-48AA-8EAD-2CB322672972}.Debug|Any CPU.ActiveCfg = Debug|Any CPU
		{2A10C696-45AD-48AA-8EAD-2CB322672972}.Debug|Any CPU.Build.0 = Debug|Any CPU
		{2A10C696-45AD-48AA-8EAD-2CB322672972}.Debug|x86.ActiveCfg = Debug|Any CPU
		{2A10C696-45AD-48AA-8EAD-2CB322672972}.Debug|x86.Build.0 = Debug|Any CPU
		{2A10C696-45AD-48AA-8EAD-2CB322672972}.Installer Only|Any CPU.ActiveCfg = Debug|Any CPU
		{2A10C696-45AD-48AA-8EAD-2CB322672972}.Installer Only|x86.ActiveCfg = Debug|Any CPU
		{2A10C696-45AD-48AA-8EAD-2CB322672972}.Installer Only|x86.Build.0 = Debug|Any CPU
		{2A10C696-45AD-48AA-8EAD-2CB322672972}.Release|Any CPU.ActiveCfg = Release|Any CPU
		{2A10C696-45AD-48AA-8EAD-2CB322672972}.Release|Any CPU.Build.0 = Release|Any CPU
		{2A10C696-45AD-48AA-8EAD-2CB322672972}.Release|x86.ActiveCfg = Release|Any CPU
		{2A10C696-45AD-48AA-8EAD-2CB322672972}.Release|x86.Build.0 = Release|Any CPU
		{187B24BA-4B66-4D61-9BD6-D0E83DB45BD5}.Debug|Any CPU.ActiveCfg = Debug|Any CPU
		{187B24BA-4B66-4D61-9BD6-D0E83DB45BD5}.Debug|Any CPU.Build.0 = Debug|Any CPU
		{187B24BA-4B66-4D61-9BD6-D0E83DB45BD5}.Debug|x86.ActiveCfg = Debug|Any CPU
		{187B24BA-4B66-4D61-9BD6-D0E83DB45BD5}.Debug|x86.Build.0 = Debug|Any CPU
		{187B24BA-4B66-4D61-9BD6-D0E83DB45BD5}.Installer Only|Any CPU.ActiveCfg = Debug|Any CPU
		{187B24BA-4B66-4D61-9BD6-D0E83DB45BD5}.Installer Only|x86.ActiveCfg = Debug|Any CPU
		{187B24BA-4B66-4D61-9BD6-D0E83DB45BD5}.Installer Only|x86.Build.0 = Debug|Any CPU
		{187B24BA-4B66-4D61-9BD6-D0E83DB45BD5}.Release|Any CPU.ActiveCfg = Release|Any CPU
		{187B24BA-4B66-4D61-9BD6-D0E83DB45BD5}.Release|Any CPU.Build.0 = Release|Any CPU
		{187B24BA-4B66-4D61-9BD6-D0E83DB45BD5}.Release|x86.ActiveCfg = Release|Any CPU
		{187B24BA-4B66-4D61-9BD6-D0E83DB45BD5}.Release|x86.Build.0 = Release|Any CPU
		{CA97E339-2014-47E3-890B-DF35F31EC11F}.Debug|Any CPU.ActiveCfg = Debug|Any CPU
		{CA97E339-2014-47E3-890B-DF35F31EC11F}.Debug|Any CPU.Build.0 = Debug|Any CPU
		{CA97E339-2014-47E3-890B-DF35F31EC11F}.Debug|x86.ActiveCfg = Debug|Any CPU
		{CA97E339-2014-47E3-890B-DF35F31EC11F}.Debug|x86.Build.0 = Debug|Any CPU
		{CA97E339-2014-47E3-890B-DF35F31EC11F}.Installer Only|Any CPU.ActiveCfg = Debug|Any CPU
		{CA97E339-2014-47E3-890B-DF35F31EC11F}.Installer Only|x86.ActiveCfg = Debug|Any CPU
		{CA97E339-2014-47E3-890B-DF35F31EC11F}.Installer Only|x86.Build.0 = Debug|Any CPU
		{CA97E339-2014-47E3-890B-DF35F31EC11F}.Release|Any CPU.ActiveCfg = Release|Any CPU
		{CA97E339-2014-47E3-890B-DF35F31EC11F}.Release|Any CPU.Build.0 = Release|Any CPU
		{CA97E339-2014-47E3-890B-DF35F31EC11F}.Release|x86.ActiveCfg = Release|Any CPU
		{CA97E339-2014-47E3-890B-DF35F31EC11F}.Release|x86.Build.0 = Release|Any CPU
		{E10C5153-0007-4DD3-930D-9D3117DB7C44}.Debug|Any CPU.ActiveCfg = Debug|Any CPU
		{E10C5153-0007-4DD3-930D-9D3117DB7C44}.Debug|Any CPU.Build.0 = Debug|Any CPU
		{E10C5153-0007-4DD3-930D-9D3117DB7C44}.Debug|x86.ActiveCfg = Debug|Any CPU
		{E10C5153-0007-4DD3-930D-9D3117DB7C44}.Debug|x86.Build.0 = Debug|Any CPU
		{E10C5153-0007-4DD3-930D-9D3117DB7C44}.Installer Only|Any CPU.ActiveCfg = Debug|Any CPU
		{E10C5153-0007-4DD3-930D-9D3117DB7C44}.Installer Only|x86.ActiveCfg = Debug|Any CPU
		{E10C5153-0007-4DD3-930D-9D3117DB7C44}.Installer Only|x86.Build.0 = Debug|Any CPU
		{E10C5153-0007-4DD3-930D-9D3117DB7C44}.Release|Any CPU.ActiveCfg = Release|Any CPU
		{E10C5153-0007-4DD3-930D-9D3117DB7C44}.Release|Any CPU.Build.0 = Release|Any CPU
		{E10C5153-0007-4DD3-930D-9D3117DB7C44}.Release|x86.ActiveCfg = Release|Any CPU
		{E10C5153-0007-4DD3-930D-9D3117DB7C44}.Release|x86.Build.0 = Release|Any CPU
		{BCC482FD-377F-4918-B91A-09444AC90A8E}.Debug|Any CPU.ActiveCfg = Debug|Any CPU
		{BCC482FD-377F-4918-B91A-09444AC90A8E}.Debug|Any CPU.Build.0 = Debug|Any CPU
		{BCC482FD-377F-4918-B91A-09444AC90A8E}.Debug|x86.ActiveCfg = Debug|Any CPU
		{BCC482FD-377F-4918-B91A-09444AC90A8E}.Debug|x86.Build.0 = Debug|Any CPU
		{BCC482FD-377F-4918-B91A-09444AC90A8E}.Installer Only|Any CPU.ActiveCfg = Debug|Any CPU
		{BCC482FD-377F-4918-B91A-09444AC90A8E}.Installer Only|x86.ActiveCfg = Debug|Any CPU
		{BCC482FD-377F-4918-B91A-09444AC90A8E}.Installer Only|x86.Build.0 = Debug|Any CPU
		{BCC482FD-377F-4918-B91A-09444AC90A8E}.Release|Any CPU.ActiveCfg = Release|Any CPU
		{BCC482FD-377F-4918-B91A-09444AC90A8E}.Release|Any CPU.Build.0 = Release|Any CPU
		{BCC482FD-377F-4918-B91A-09444AC90A8E}.Release|x86.ActiveCfg = Release|Any CPU
		{BCC482FD-377F-4918-B91A-09444AC90A8E}.Release|x86.Build.0 = Release|Any CPU
		{589068CB-78CE-40FA-95AA-9FEAD9C183F2}.Debug|Any CPU.ActiveCfg = Debug|Any CPU
		{589068CB-78CE-40FA-95AA-9FEAD9C183F2}.Debug|Any CPU.Build.0 = Debug|Any CPU
		{589068CB-78CE-40FA-95AA-9FEAD9C183F2}.Debug|x86.ActiveCfg = Debug|Any CPU
		{589068CB-78CE-40FA-95AA-9FEAD9C183F2}.Debug|x86.Build.0 = Debug|Any CPU
		{589068CB-78CE-40FA-95AA-9FEAD9C183F2}.Installer Only|Any CPU.ActiveCfg = Debug|Any CPU
		{589068CB-78CE-40FA-95AA-9FEAD9C183F2}.Installer Only|x86.ActiveCfg = Debug|Any CPU
		{589068CB-78CE-40FA-95AA-9FEAD9C183F2}.Installer Only|x86.Build.0 = Debug|Any CPU
		{589068CB-78CE-40FA-95AA-9FEAD9C183F2}.Release|Any CPU.ActiveCfg = Release|Any CPU
		{589068CB-78CE-40FA-95AA-9FEAD9C183F2}.Release|Any CPU.Build.0 = Release|Any CPU
		{589068CB-78CE-40FA-95AA-9FEAD9C183F2}.Release|x86.ActiveCfg = Release|Any CPU
		{589068CB-78CE-40FA-95AA-9FEAD9C183F2}.Release|x86.Build.0 = Release|Any CPU
		{6F708C9A-C7C7-42F6-B80E-8B4CB3209C8A}.Debug|Any CPU.ActiveCfg = Debug|Any CPU
		{6F708C9A-C7C7-42F6-B80E-8B4CB3209C8A}.Debug|Any CPU.Build.0 = Debug|Any CPU
		{6F708C9A-C7C7-42F6-B80E-8B4CB3209C8A}.Debug|x86.ActiveCfg = Debug|Any CPU
		{6F708C9A-C7C7-42F6-B80E-8B4CB3209C8A}.Debug|x86.Build.0 = Debug|Any CPU
		{6F708C9A-C7C7-42F6-B80E-8B4CB3209C8A}.Installer Only|Any CPU.ActiveCfg = Release|Any CPU
		{6F708C9A-C7C7-42F6-B80E-8B4CB3209C8A}.Installer Only|Any CPU.Build.0 = Release|Any CPU
		{6F708C9A-C7C7-42F6-B80E-8B4CB3209C8A}.Installer Only|x86.ActiveCfg = Release|Any CPU
		{6F708C9A-C7C7-42F6-B80E-8B4CB3209C8A}.Installer Only|x86.Build.0 = Release|Any CPU
		{6F708C9A-C7C7-42F6-B80E-8B4CB3209C8A}.Release|Any CPU.ActiveCfg = Release|Any CPU
		{6F708C9A-C7C7-42F6-B80E-8B4CB3209C8A}.Release|Any CPU.Build.0 = Release|Any CPU
		{6F708C9A-C7C7-42F6-B80E-8B4CB3209C8A}.Release|x86.ActiveCfg = Release|Any CPU
		{6F708C9A-C7C7-42F6-B80E-8B4CB3209C8A}.Release|x86.Build.0 = Release|Any CPU
		{EEC1BBB0-C57D-4A84-960E-C43069190F6F}.Debug|Any CPU.ActiveCfg = Debug|Any CPU
		{EEC1BBB0-C57D-4A84-960E-C43069190F6F}.Debug|Any CPU.Build.0 = Debug|Any CPU
		{EEC1BBB0-C57D-4A84-960E-C43069190F6F}.Debug|x86.ActiveCfg = Debug|Any CPU
		{EEC1BBB0-C57D-4A84-960E-C43069190F6F}.Debug|x86.Build.0 = Debug|Any CPU
		{EEC1BBB0-C57D-4A84-960E-C43069190F6F}.Installer Only|Any CPU.ActiveCfg = Release|Any CPU
		{EEC1BBB0-C57D-4A84-960E-C43069190F6F}.Installer Only|Any CPU.Build.0 = Release|Any CPU
		{EEC1BBB0-C57D-4A84-960E-C43069190F6F}.Installer Only|x86.ActiveCfg = Release|Any CPU
		{EEC1BBB0-C57D-4A84-960E-C43069190F6F}.Installer Only|x86.Build.0 = Release|Any CPU
		{EEC1BBB0-C57D-4A84-960E-C43069190F6F}.Release|Any CPU.ActiveCfg = Release|Any CPU
		{EEC1BBB0-C57D-4A84-960E-C43069190F6F}.Release|Any CPU.Build.0 = Release|Any CPU
		{EEC1BBB0-C57D-4A84-960E-C43069190F6F}.Release|x86.ActiveCfg = Release|Any CPU
		{EEC1BBB0-C57D-4A84-960E-C43069190F6F}.Release|x86.Build.0 = Release|Any CPU
		{E668A872-620B-4247-9629-28F12F7B0FD7}.Debug|Any CPU.ActiveCfg = Debug|Any CPU
		{E668A872-620B-4247-9629-28F12F7B0FD7}.Debug|Any CPU.Build.0 = Debug|Any CPU
		{E668A872-620B-4247-9629-28F12F7B0FD7}.Debug|x86.ActiveCfg = Debug|Any CPU
		{E668A872-620B-4247-9629-28F12F7B0FD7}.Debug|x86.Build.0 = Debug|Any CPU
		{E668A872-620B-4247-9629-28F12F7B0FD7}.Installer Only|Any CPU.ActiveCfg = Release|Any CPU
		{E668A872-620B-4247-9629-28F12F7B0FD7}.Installer Only|Any CPU.Build.0 = Release|Any CPU
		{E668A872-620B-4247-9629-28F12F7B0FD7}.Installer Only|x86.ActiveCfg = Release|Any CPU
		{E668A872-620B-4247-9629-28F12F7B0FD7}.Installer Only|x86.Build.0 = Release|Any CPU
		{E668A872-620B-4247-9629-28F12F7B0FD7}.Release|Any CPU.ActiveCfg = Release|Any CPU
		{E668A872-620B-4247-9629-28F12F7B0FD7}.Release|Any CPU.Build.0 = Release|Any CPU
		{E668A872-620B-4247-9629-28F12F7B0FD7}.Release|x86.ActiveCfg = Release|Any CPU
		{E668A872-620B-4247-9629-28F12F7B0FD7}.Release|x86.Build.0 = Release|Any CPU
		{EDB87D0C-A37C-48B5-9857-F014C438A4C5}.Debug|Any CPU.ActiveCfg = Debug|Any CPU
		{EDB87D0C-A37C-48B5-9857-F014C438A4C5}.Debug|Any CPU.Build.0 = Debug|Any CPU
		{EDB87D0C-A37C-48B5-9857-F014C438A4C5}.Debug|x86.ActiveCfg = Debug|Any CPU
		{EDB87D0C-A37C-48B5-9857-F014C438A4C5}.Debug|x86.Build.0 = Debug|Any CPU
		{EDB87D0C-A37C-48B5-9857-F014C438A4C5}.Installer Only|Any CPU.ActiveCfg = Release|Any CPU
		{EDB87D0C-A37C-48B5-9857-F014C438A4C5}.Installer Only|Any CPU.Build.0 = Release|Any CPU
		{EDB87D0C-A37C-48B5-9857-F014C438A4C5}.Installer Only|x86.ActiveCfg = Release|Any CPU
		{EDB87D0C-A37C-48B5-9857-F014C438A4C5}.Installer Only|x86.Build.0 = Release|Any CPU
		{EDB87D0C-A37C-48B5-9857-F014C438A4C5}.Release|Any CPU.ActiveCfg = Release|Any CPU
		{EDB87D0C-A37C-48B5-9857-F014C438A4C5}.Release|Any CPU.Build.0 = Release|Any CPU
		{EDB87D0C-A37C-48B5-9857-F014C438A4C5}.Release|x86.ActiveCfg = Release|Any CPU
		{EDB87D0C-A37C-48B5-9857-F014C438A4C5}.Release|x86.Build.0 = Release|Any CPU
		{D4644D8A-1C7A-43B6-8461-AB0B56FD6463}.Debug|Any CPU.ActiveCfg = Debug|Any CPU
		{D4644D8A-1C7A-43B6-8461-AB0B56FD6463}.Debug|Any CPU.Build.0 = Debug|Any CPU
		{D4644D8A-1C7A-43B6-8461-AB0B56FD6463}.Debug|x86.ActiveCfg = Debug|Any CPU
		{D4644D8A-1C7A-43B6-8461-AB0B56FD6463}.Debug|x86.Build.0 = Debug|Any CPU
		{D4644D8A-1C7A-43B6-8461-AB0B56FD6463}.Installer Only|Any CPU.ActiveCfg = Release|Any CPU
		{D4644D8A-1C7A-43B6-8461-AB0B56FD6463}.Installer Only|Any CPU.Build.0 = Release|Any CPU
		{D4644D8A-1C7A-43B6-8461-AB0B56FD6463}.Installer Only|x86.ActiveCfg = Release|Any CPU
		{D4644D8A-1C7A-43B6-8461-AB0B56FD6463}.Installer Only|x86.Build.0 = Release|Any CPU
		{D4644D8A-1C7A-43B6-8461-AB0B56FD6463}.Release|Any CPU.ActiveCfg = Release|Any CPU
		{D4644D8A-1C7A-43B6-8461-AB0B56FD6463}.Release|Any CPU.Build.0 = Release|Any CPU
		{D4644D8A-1C7A-43B6-8461-AB0B56FD6463}.Release|x86.ActiveCfg = Release|Any CPU
		{D4644D8A-1C7A-43B6-8461-AB0B56FD6463}.Release|x86.Build.0 = Release|Any CPU
		{EFB997FB-1E05-444B-BA02-16C004E1A111}.Debug|Any CPU.ActiveCfg = Debug|Any CPU
		{EFB997FB-1E05-444B-BA02-16C004E1A111}.Debug|Any CPU.Build.0 = Debug|Any CPU
		{EFB997FB-1E05-444B-BA02-16C004E1A111}.Debug|x86.ActiveCfg = Debug|Any CPU
		{EFB997FB-1E05-444B-BA02-16C004E1A111}.Debug|x86.Build.0 = Debug|Any CPU
		{EFB997FB-1E05-444B-BA02-16C004E1A111}.Installer Only|Any CPU.ActiveCfg = Release|Any CPU
		{EFB997FB-1E05-444B-BA02-16C004E1A111}.Installer Only|Any CPU.Build.0 = Release|Any CPU
		{EFB997FB-1E05-444B-BA02-16C004E1A111}.Installer Only|x86.ActiveCfg = Release|Any CPU
		{EFB997FB-1E05-444B-BA02-16C004E1A111}.Installer Only|x86.Build.0 = Release|Any CPU
		{EFB997FB-1E05-444B-BA02-16C004E1A111}.Release|Any CPU.ActiveCfg = Release|Any CPU
		{EFB997FB-1E05-444B-BA02-16C004E1A111}.Release|Any CPU.Build.0 = Release|Any CPU
		{EFB997FB-1E05-444B-BA02-16C004E1A111}.Release|x86.ActiveCfg = Release|Any CPU
		{EFB997FB-1E05-444B-BA02-16C004E1A111}.Release|x86.Build.0 = Release|Any CPU
		{2ED623EA-947D-4B53-9E9F-05674EF0084D}.Debug|Any CPU.ActiveCfg = Debug|Any CPU
		{2ED623EA-947D-4B53-9E9F-05674EF0084D}.Debug|Any CPU.Build.0 = Debug|Any CPU
		{2ED623EA-947D-4B53-9E9F-05674EF0084D}.Debug|x86.ActiveCfg = Debug|Any CPU
		{2ED623EA-947D-4B53-9E9F-05674EF0084D}.Debug|x86.Build.0 = Debug|Any CPU
		{2ED623EA-947D-4B53-9E9F-05674EF0084D}.Installer Only|Any CPU.ActiveCfg = Release|Any CPU
		{2ED623EA-947D-4B53-9E9F-05674EF0084D}.Installer Only|Any CPU.Build.0 = Release|Any CPU
		{2ED623EA-947D-4B53-9E9F-05674EF0084D}.Installer Only|x86.ActiveCfg = Release|Any CPU
		{2ED623EA-947D-4B53-9E9F-05674EF0084D}.Installer Only|x86.Build.0 = Release|Any CPU
		{2ED623EA-947D-4B53-9E9F-05674EF0084D}.Release|Any CPU.ActiveCfg = Release|Any CPU
		{2ED623EA-947D-4B53-9E9F-05674EF0084D}.Release|Any CPU.Build.0 = Release|Any CPU
		{2ED623EA-947D-4B53-9E9F-05674EF0084D}.Release|x86.ActiveCfg = Release|Any CPU
		{2ED623EA-947D-4B53-9E9F-05674EF0084D}.Release|x86.Build.0 = Release|Any CPU
		{5EA4522D-B13C-45B1-9BC6-13E29587248A}.Debug|Any CPU.ActiveCfg = Debug|Any CPU
		{5EA4522D-B13C-45B1-9BC6-13E29587248A}.Debug|Any CPU.Build.0 = Debug|Any CPU
		{5EA4522D-B13C-45B1-9BC6-13E29587248A}.Debug|x86.ActiveCfg = Debug|Any CPU
		{5EA4522D-B13C-45B1-9BC6-13E29587248A}.Debug|x86.Build.0 = Debug|Any CPU
		{5EA4522D-B13C-45B1-9BC6-13E29587248A}.Installer Only|Any CPU.ActiveCfg = Release|Any CPU
		{5EA4522D-B13C-45B1-9BC6-13E29587248A}.Installer Only|Any CPU.Build.0 = Release|Any CPU
		{5EA4522D-B13C-45B1-9BC6-13E29587248A}.Installer Only|x86.ActiveCfg = Release|Any CPU
		{5EA4522D-B13C-45B1-9BC6-13E29587248A}.Installer Only|x86.Build.0 = Release|Any CPU
		{5EA4522D-B13C-45B1-9BC6-13E29587248A}.Release|Any CPU.ActiveCfg = Release|Any CPU
		{5EA4522D-B13C-45B1-9BC6-13E29587248A}.Release|Any CPU.Build.0 = Release|Any CPU
		{5EA4522D-B13C-45B1-9BC6-13E29587248A}.Release|x86.ActiveCfg = Release|Any CPU
		{5EA4522D-B13C-45B1-9BC6-13E29587248A}.Release|x86.Build.0 = Release|Any CPU
		{C22089EE-7482-413B-BD23-A60DF135BF56}.Debug|Any CPU.ActiveCfg = Debug|Any CPU
		{C22089EE-7482-413B-BD23-A60DF135BF56}.Debug|Any CPU.Build.0 = Debug|Any CPU
		{C22089EE-7482-413B-BD23-A60DF135BF56}.Debug|x86.ActiveCfg = Debug|Any CPU
		{C22089EE-7482-413B-BD23-A60DF135BF56}.Debug|x86.Build.0 = Debug|Any CPU
		{C22089EE-7482-413B-BD23-A60DF135BF56}.Installer Only|Any CPU.ActiveCfg = Release|Any CPU
		{C22089EE-7482-413B-BD23-A60DF135BF56}.Installer Only|Any CPU.Build.0 = Release|Any CPU
		{C22089EE-7482-413B-BD23-A60DF135BF56}.Installer Only|x86.ActiveCfg = Release|Any CPU
		{C22089EE-7482-413B-BD23-A60DF135BF56}.Installer Only|x86.Build.0 = Release|Any CPU
		{C22089EE-7482-413B-BD23-A60DF135BF56}.Release|Any CPU.ActiveCfg = Release|Any CPU
		{C22089EE-7482-413B-BD23-A60DF135BF56}.Release|Any CPU.Build.0 = Release|Any CPU
		{C22089EE-7482-413B-BD23-A60DF135BF56}.Release|x86.ActiveCfg = Release|Any CPU
		{C22089EE-7482-413B-BD23-A60DF135BF56}.Release|x86.Build.0 = Release|Any CPU
		{246B3B50-3A2D-4A6A-BB69-E56D94108AC1}.Debug|Any CPU.ActiveCfg = Debug|Any CPU
		{246B3B50-3A2D-4A6A-BB69-E56D94108AC1}.Debug|Any CPU.Build.0 = Debug|Any CPU
		{246B3B50-3A2D-4A6A-BB69-E56D94108AC1}.Debug|x86.ActiveCfg = Debug|Any CPU
		{246B3B50-3A2D-4A6A-BB69-E56D94108AC1}.Debug|x86.Build.0 = Debug|Any CPU
		{246B3B50-3A2D-4A6A-BB69-E56D94108AC1}.Installer Only|Any CPU.ActiveCfg = Release|Any CPU
		{246B3B50-3A2D-4A6A-BB69-E56D94108AC1}.Installer Only|Any CPU.Build.0 = Release|Any CPU
		{246B3B50-3A2D-4A6A-BB69-E56D94108AC1}.Installer Only|x86.ActiveCfg = Release|Any CPU
		{246B3B50-3A2D-4A6A-BB69-E56D94108AC1}.Installer Only|x86.Build.0 = Release|Any CPU
		{246B3B50-3A2D-4A6A-BB69-E56D94108AC1}.Release|Any CPU.ActiveCfg = Release|Any CPU
		{246B3B50-3A2D-4A6A-BB69-E56D94108AC1}.Release|Any CPU.Build.0 = Release|Any CPU
		{246B3B50-3A2D-4A6A-BB69-E56D94108AC1}.Release|x86.ActiveCfg = Release|Any CPU
		{246B3B50-3A2D-4A6A-BB69-E56D94108AC1}.Release|x86.Build.0 = Release|Any CPU
	EndGlobalSection
	GlobalSection(SolutionProperties) = preSolution
		HideSolutionNode = FALSE
	EndGlobalSection
	GlobalSection(NestedProjects) = preSolution
		{D2B92C0D-A67E-4739-A6F9-DFA7F5DF7E3E} = {D4ADA5CA-C5FE-4C4C-9B56-17CBCA64240B}
		{7E8CB4D3-B017-4E65-81CD-74DBFA0E30DB} = {D2B92C0D-A67E-4739-A6F9-DFA7F5DF7E3E}
		{3FBD4A85-FA04-470D-BD52-F086246B78FA} = {D2B92C0D-A67E-4739-A6F9-DFA7F5DF7E3E}
		{CC796EB8-B522-4FA7-A0D5-9F35BF737D85} = {F105F91F-3940-44DD-AA7F-B3CEB9EBBC88}
		{D12038C3-B795-4BF0-9E03-8EC282FED476} = {F105F91F-3940-44DD-AA7F-B3CEB9EBBC88}
		{68CF0D41-4A18-47AA-A4DD-2C5031AD67CB} = {F105F91F-3940-44DD-AA7F-B3CEB9EBBC88}
		{DE81BC2A-EC33-4847-A34E-62B5849C2A93} = {F105F91F-3940-44DD-AA7F-B3CEB9EBBC88}
	EndGlobalSection
	GlobalSection(ExtensibilityGlobals) = postSolution
		SolutionGuid = {A4D1018D-143A-451D-8FC0-F63E4923F552}
	EndGlobalSection
	GlobalSection(AutomaticVersions) = postSolution
		PrimaryVersionType = AssemblyVersionAttribute
		UpdateAssemblyVersion = True
		UpdateAssemblyFileVersion = True
		UpdateAssemblyInfoVersion = True
		AdvancedSettingsExpanded = True
		AssemblyVersionSettings = None.None.IncrementOnDemand.None
		AssemblyFileVersionSettings = None.None.IncrementOnDemand.None
		AssemblyInfoVersionSettings = None.None.IncrementOnDemand.None
		UpdatePackageVersion = False
		AssemblyInfoVersionType = SettingsVersion
		InheritWinAppVersionFrom = None
	EndGlobalSection
EndGlobal
