
Microsoft Visual Studio Solution File, Format Version 12.00
# Visual Studio Version 16
VisualStudioVersion = 16.0.28809.33
MinimumVisualStudioVersion = 10.0.40219.1
Project("{FAE04EC0-301F-11D3-BF4B-00C04F79EFBC}") = "Extended Controls", "Extended Controls\Extended Controls.csproj", "{1C9153E4-CDC4-44C9-9794-1D144FE87A1F}"
EndProject
Project("{FAE04EC0-301F-11D3-BF4B-00C04F79EFBC}") = "Krypton Outlook Grid", "Krypton Outlook Grid\Krypton Outlook Grid.csproj", "{2A10C696-45AD-48AA-8EAD-2CB322672972}"
EndProject
Project("{FAE04EC0-301F-11D3-BF4B-00C04F79EFBC}") = "Krypton Wizard", "Krypton Wizard\Krypton Wizard.csproj", "{CA97E339-2014-47E3-890B-DF35F31EC11F}"
EndProject
Project("{FAE04EC0-301F-11D3-BF4B-00C04F79EFBC}") = "Demos", "Playground\Demos.csproj", "{E10C5153-0007-4DD3-930D-9D3117DB7C44}"
EndProject
Project("{FAE04EC0-301F-11D3-BF4B-00C04F79EFBC}") = "Application Updater", "Application Updater\Application Updater.csproj", "{BCC482FD-377F-4918-B91A-09444AC90A8E}"
EndProject
Project("{2150E333-8FDC-42A3-9474-1A3956D46DE8}") = "Readme", "Readme", "{3B7410AE-4D93-411E-9C06-5CB84636CBD5}"
	ProjectSection(SolutionItems) = preProject
		Examples.md = Examples.md
		..\LICENSE = ..\LICENSE
		..\README.md = ..\README.md
	EndProjectSection
EndProject
Project("{FAE04EC0-301F-11D3-BF4B-00C04F79EFBC}") = "Update File Creator", "Update File Creator\Update File Creator.csproj", "{589068CB-78CE-40FA-95AA-9FEAD9C183F2}"
EndProject
Project("{2150E333-8FDC-42A3-9474-1A3956D46DE8}") = "Solution Items", "Solution Items", "{B4B787F0-53A2-498F-8893-091C709F73E4}"
	ProjectSection(SolutionItems) = preProject
		..\.gitignore = ..\.gitignore
		License Code Header.txt = License Code Header.txt
	EndProjectSection
EndProject
Project("{2150E333-8FDC-42A3-9474-1A3956D46DE8}") = "Updates", "Updates", "{D4ADA5CA-C5FE-4C4C-9B56-17CBCA64240B}"
EndProject
Project("{2150E333-8FDC-42A3-9474-1A3956D46DE8}") = "Changelog", "Changelog", "{D2B92C0D-A67E-4739-A6F9-DFA7F5DF7E3E}"
	ProjectSection(SolutionItems) = preProject
		..\Updates\Changelog\changelog.html = ..\Updates\Changelog\changelog.html
	EndProjectSection
EndProject
Project("{2150E333-8FDC-42A3-9474-1A3956D46DE8}") = "CSS", "CSS", "{7E8CB4D3-B017-4E65-81CD-74DBFA0E30DB}"
	ProjectSection(SolutionItems) = preProject
		..\Updates\Changelog\CSS\main.css = ..\Updates\Changelog\CSS\main.css
		..\Updates\Changelog\CSS\table.css = ..\Updates\Changelog\CSS\table.css
	EndProjectSection
EndProject
Project("{2150E333-8FDC-42A3-9474-1A3956D46DE8}") = "IMG", "IMG", "{3FBD4A85-FA04-470D-BD52-F086246B78FA}"
	ProjectSection(SolutionItems) = preProject
		..\Updates\Changelog\IMG\Krypton.ico = ..\Updates\Changelog\IMG\Krypton.ico
	EndProjectSection
EndProject
Project("{FAE04EC0-301F-11D3-BF4B-00C04F79EFBC}") = "Global Utilities", "Global Utilities\Global Utilities.csproj", "{EDB87D0C-A37C-48B5-9857-F014C438A4C5}"
EndProject
Project("{FAE04EC0-301F-11D3-BF4B-00C04F79EFBC}") = "Extended File Dialogs", "Extended File Dialogs\Extended File Dialogs.csproj", "{D4644D8A-1C7A-43B6-8461-AB0B56FD6463}"
EndProject
Project("{FAE04EC0-301F-11D3-BF4B-00C04F79EFBC}") = "Core", "Tooling\Core.csproj", "{EFB997FB-1E05-444B-BA02-16C004E1A111}"
EndProject
Project("{2150E333-8FDC-42A3-9474-1A3956D46DE8}") = "Assets", "Assets", "{F105F91F-3940-44DD-AA7F-B3CEB9EBBC88}"
EndProject
Project("{2150E333-8FDC-42A3-9474-1A3956D46DE8}") = "PSD", "PSD", "{CC796EB8-B522-4FA7-A0D5-9F35BF737D85}"
EndProject
Project("{2150E333-8FDC-42A3-9474-1A3956D46DE8}") = "PNG", "PNG", "{D12038C3-B795-4BF0-9E03-8EC282FED476}"
EndProject
Project("{2150E333-8FDC-42A3-9474-1A3956D46DE8}") = "ICO", "ICO", "{68CF0D41-4A18-47AA-A4DD-2C5031AD67CB}"
EndProject
Project("{FAE04EC0-301F-11D3-BF4B-00C04F79EFBC}") = "Palette Editor", "Palette Editor\Palette Editor.csproj", "{5EA4522D-B13C-45B1-9BC6-13E29587248A}"
EndProject
Project("{FAE04EC0-301F-11D3-BF4B-00C04F79EFBC}") = "Palette Explorer", "Palette Explorer\Palette Explorer.csproj", "{246B3B50-3A2D-4A6A-BB69-E56D94108AC1}"
EndProject
Project("{2150E333-8FDC-42A3-9474-1A3956D46DE8}") = "TXT", "TXT", "{DE81BC2A-EC33-4847-A34E-62B5849C2A93}"
	ProjectSection(SolutionItems) = preProject
		KryptonCalendar-how to Kryptonize.txt = KryptonCalendar-how to Kryptonize.txt
	EndProjectSection
EndProject
Project("{FAE04EC0-301F-11D3-BF4B-00C04F79EFBC}") = "Update File Maker", "Update File Maker\Update File Maker.csproj", "{83B06C50-5B61-467E-9620-BACF190E26F8}"
EndProject
Project("{2150E333-8FDC-42A3-9474-1A3956D46DE8}") = "NuGet Specification", "NuGet Specification", "{7413922C-F694-4507-B00C-9ED0A03A411D}"
	ProjectSection(SolutionItems) = preProject
		..\Setup\NuGet\KryptonExtendedToolkit5470.nupkg = ..\Setup\NuGet\KryptonExtendedToolkit5470.nupkg
	EndProjectSection
EndProject
Project("{2150E333-8FDC-42A3-9474-1A3956D46DE8}") = "Themes", "Themes", "{450BC07C-6C2D-4915-8922-03A41088B50C}"
	ProjectSection(SolutionItems) = preProject
		..\Palettes\Access 2007 Alt White Text.xml = ..\Palettes\Access 2007 Alt White Text.xml
		..\Palettes\Access 2007 Alt.xml = ..\Palettes\Access 2007 Alt.xml
		..\Palettes\Access 2007 White Text.xml = ..\Palettes\Access 2007 White Text.xml
		..\Palettes\Access 2007.xml = ..\Palettes\Access 2007.xml
		..\Palettes\Access 2010 White Text.xml = ..\Palettes\Access 2010 White Text.xml
		..\Palettes\Access 2010.xml = ..\Palettes\Access 2010.xml
		..\Palettes\Access 2013 White Text.xml = ..\Palettes\Access 2013 White Text.xml
		..\Palettes\Access 2013.xml = ..\Palettes\Access 2013.xml
		..\Palettes\Asphalt.xml = ..\Palettes\Asphalt.xml
		..\Palettes\ax.xml = ..\Palettes\ax.xml
		..\Palettes\Chrome.xml = ..\Palettes\Chrome.xml
		..\Palettes\Cobalt Blue 2007.xml = ..\Palettes\Cobalt Blue 2007.xml
		..\Palettes\Cobalt Blue 2010.xml = ..\Palettes\Cobalt Blue 2010.xml
		..\Palettes\Cobalt Blue 2013.xml = ..\Palettes\Cobalt Blue 2013.xml
		..\Palettes\Green Palette 2010.xml = ..\Palettes\Green Palette 2010.xml
		..\Palettes\Green Palette.xml = ..\Palettes\Green Palette.xml
		..\Palettes\GWC_Colors.xml = ..\Palettes\GWC_Colors.xml
		..\Palettes\Haystack 2007.xml = ..\Palettes\Haystack 2007.xml
		..\Palettes\Haystack 2010.xml = ..\Palettes\Haystack 2010.xml
		..\Palettes\Haystack 2013.xml = ..\Palettes\Haystack 2013.xml
		..\Palettes\Hazel.xml = ..\Palettes\Hazel.xml
		..\Palettes\lightGray.xml = ..\Palettes\lightGray.xml
		..\Palettes\Lime 2010.xml = ..\Palettes\Lime 2010.xml
		..\Palettes\McLane.xml = ..\Palettes\McLane.xml
		..\Palettes\Office 2007 Blue Alt.xml = ..\Palettes\Office 2007 Blue Alt.xml
		..\Palettes\Office 2007 Green.xml = ..\Palettes\Office 2007 Green.xml
		..\Palettes\Office 2010 Blue Alt.xml = ..\Palettes\Office 2010 Blue Alt.xml
		..\Palettes\Office 2010 Green.xml = ..\Palettes\Office 2010 Green.xml
		..\Palettes\Office 2013 Black.xml = ..\Palettes\Office 2013 Black.xml
		..\Palettes\Office 2013 Blue.xml = ..\Palettes\Office 2013 Blue.xml
		..\Palettes\Office 2013 Green.xml = ..\Palettes\Office 2013 Green.xml
		..\Palettes\Office Pink 2007.xml = ..\Palettes\Office Pink 2007.xml
		..\Palettes\Office Pink 2010.xml = ..\Palettes\Office Pink 2010.xml
		..\Palettes\Office Pink 2013.xml = ..\Palettes\Office Pink 2013.xml
		..\Palettes\OneNote 2007.xml = ..\Palettes\OneNote 2007.xml
		..\Palettes\OneNote 2010.xml = ..\Palettes\OneNote 2010.xml
		..\Palettes\OneNote 2013.xml = ..\Palettes\OneNote 2013.xml
		..\Palettes\Outlook 2007 Alt.xml = ..\Palettes\Outlook 2007 Alt.xml
		..\Palettes\Outlook 2010 Alt.xml = ..\Palettes\Outlook 2010 Alt.xml
		..\Palettes\Outlook 2013.xml = ..\Palettes\Outlook 2013.xml
		..\Palettes\Plastic.xml = ..\Palettes\Plastic.xml
		..\Palettes\Powerpoint Red 2007.xml = ..\Palettes\Powerpoint Red 2007.xml
		..\Palettes\Powerpoint Red 2010.xml = ..\Palettes\Powerpoint Red 2010.xml
		..\Palettes\Powerpoint Red 2013.xml = ..\Palettes\Powerpoint Red 2013.xml
		..\Palettes\Prussian Blue 2007.xml = ..\Palettes\Prussian Blue 2007.xml
		..\Palettes\Prussian Blue 2010.xml = ..\Palettes\Prussian Blue 2010.xml
		..\Palettes\Prussian Blue 2013.xml = ..\Palettes\Prussian Blue 2013.xml
		..\Palettes\Purple.xml = ..\Palettes\Purple.xml
		..\Palettes\Sea Blue 2007.xml = ..\Palettes\Sea Blue 2007.xml
		..\Palettes\Sea Blue 2010.xml = ..\Palettes\Sea Blue 2010.xml
		..\Palettes\Sea Blue 2013.xml = ..\Palettes\Sea Blue 2013.xml
		..\Palettes\Sea Green 2007.xml = ..\Palettes\Sea Green 2007.xml
		..\Palettes\Sea Green 2010.xml = ..\Palettes\Sea Green 2010.xml
		..\Palettes\Sea Green 2013.xml = ..\Palettes\Sea Green 2013.xml
		..\Palettes\Seven.xml = ..\Palettes\Seven.xml
		..\Palettes\Slate Silver 2007.xml = ..\Palettes\Slate Silver 2007.xml
		..\Palettes\Slate Silver 2010.xml = ..\Palettes\Slate Silver 2010.xml
		..\Palettes\Slate Silver 2013.xml = ..\Palettes\Slate Silver 2013.xml
		..\Palettes\THEMES.md = ..\Palettes\THEMES.md
		..\Palettes\win7.xml = ..\Palettes\win7.xml
	EndProjectSection
EndProject
Project("{FAE04EC0-301F-11D3-BF4B-00C04F79EFBC}") = "Krypton Palette Upgrade Tool", "Krypton Palette Converter\Krypton Palette Upgrade Tool.csproj", "{ECB9CDA4-C0B9-4272-B8FC-921F29D688ED}"
EndProject
Project("{FAE04EC0-301F-11D3-BF4B-00C04F79EFBC}") = "Toolkit Settings", "Toolkit Settings\Toolkit Settings.csproj", "{EA6E7878-FCCB-416C-8FE1-E626D478A7A7}"
EndProject
Project("{FAE04EC0-301F-11D3-BF4B-00C04F79EFBC}") = "NaviSuite", "NaviSuite\NaviSuite.csproj", "{82ABD367-ED24-424C-B572-6661F968E2D6}"
EndProject
Project("{FAE04EC0-301F-11D3-BF4B-00C04F79EFBC}") = "Task Dialogs", "Task Dialogs\Task Dialogs.csproj", "{1B480AF7-AC66-4BF6-9F75-294A7D1A9DDB}"
EndProject
Project("{FAE04EC0-301F-11D3-BF4B-00C04F79EFBC}") = "Toolkit Resources", "Toolkit Resources\Toolkit Resources.csproj", "{CFB34C40-6461-4EA1-A81C-5E207F2D7BFE}"
EndProject
Project("{FAE04EC0-301F-11D3-BF4B-00C04F79EFBC}") = "Floating Toolbars", "Floating Toolbars\Floating Toolbars.csproj", "{1893C8B4-3215-4F77-9AFF-24659EC475BE}"
EndProject
Project("{2150E333-8FDC-42A3-9474-1A3956D46DE8}") = "Componentisation", "Componentisation", "{F670C909-A1F3-409F-886C-B2A1B243AA82}"
EndProject
Project("{2150E333-8FDC-42A3-9474-1A3956D46DE8}") = "Full Toolkit", "Full Toolkit", "{BE6131E9-83D1-4358-A42D-983F53052EA8}"
EndProject
Project("{2150E333-8FDC-42A3-9474-1A3956D46DE8}") = "Individual Components", "Individual Components", "{00BD5065-7D99-43D4-BF83-5AB7B3474EF1}"
EndProject
Project("{2150E333-8FDC-42A3-9474-1A3956D46DE8}") = "Common", "Common", "{40012A2D-6D4F-4EE7-991D-7073DC5A579C}"
EndProject
Project("{2150E333-8FDC-42A3-9474-1A3956D46DE8}") = "Applications", "Applications", "{EF2AC5E6-01AD-4A42-A761-2FC42D4E5C7F}"
EndProject
Project("{2150E333-8FDC-42A3-9474-1A3956D46DE8}") = "Demos", "Demos", "{A4766F6B-D724-49F3-9ED9-F24640D0F7CF}"
EndProject
Project("{FAE04EC0-301F-11D3-BF4B-00C04F79EFBC}") = "Extended Toolkit Core", "Core\Extended Toolkit Core.csproj", "{5F28100D-C9A0-4361-B780-7AC132A421DF}"
EndProject
Project("{FAE04EC0-301F-11D3-BF4B-00C04F79EFBC}") = "WinForm Animation Extended", "WinForm Animation Extended\WinForm Animation Extended.csproj", "{5FB8D2C2-A56F-43F7-9B83-6780872C38DB}"
EndProject
Project("{FAE04EC0-301F-11D3-BF4B-00C04F79EFBC}") = "Scintilla Extended", "Scintilla Extended\Scintilla Extended.csproj", "{6EF90793-B892-4C05-909D-99BF484F9665}"
EndProject
Project("{FAE04EC0-301F-11D3-BF4B-00C04F79EFBC}") = "APICodePack Extended", "APICodePack Extended\APICodePack Extended.csproj", "{F129832D-6B72-4126-9614-627433CE0C7A}"
EndProject
Project("{FAE04EC0-301F-11D3-BF4B-00C04F79EFBC}") = "Extended Colour Controls", "Extended Colour Controls\Extended Colour Controls.csproj", "{A2F6A6C7-A8A9-4509-93E0-EDF09B6A03A7}"
EndProject
Project("{FAE04EC0-301F-11D3-BF4B-00C04F79EFBC}") = "Extended Dialogs", "Extended Dialogs\Extended Dialogs.csproj", "{222C7D90-9D2A-4736-B58D-80AF566BA167}"
EndProject
Project("{FAE04EC0-301F-11D3-BF4B-00C04F79EFBC}") = "IO Components", "IO Components\IO Components.csproj", "{D511D3C1-3F1F-49D7-80EB-BBAB364F4A0F}"
EndProject
Project("{FAE04EC0-301F-11D3-BF4B-00C04F79EFBC}") = "Extended Menu and Toolbar Items", "Extended Menu and Toolbar Items\Extended Menu and Toolbar Items.csproj", "{C6C970D3-A65B-4C1A-9043-81A1E90B8C8A}"
EndProject
Project("{7CF6DF6D-3B04-46F8-A40B-537D21BCA0B4}") = "Documentation", "Documentation\Documentation.shfbproj", "{2BBF5CC9-0A5C-4943-BD81-006564E5FC61}"
EndProject
Project("{2150E333-8FDC-42A3-9474-1A3956D46DE8}") = "Help", "Help", "{945E3BB1-77AC-4152-8729-9810EFBC9CE8}"
EndProject
Project("{2150E333-8FDC-42A3-9474-1A3956D46DE8}") = "Full Toolkit", "Full Toolkit", "{7204EF98-3DD9-47F7-9970-163C6C414E99}"
EndProject
Project("{FAE04EC0-301F-11D3-BF4B-00C04F79EFBC}") = "Common", "Common\Common.csproj", "{ECDF3883-0655-421A-BC76-8E822BC9C778}"
EndProject
Project("{FAE04EC0-301F-11D3-BF4B-00C04F79EFBC}") = "Theme Designer", "Theme Designer\Theme Designer.csproj", "{95AC450D-BEBB-464B-9C1D-C25F49D904EA}"
EndProject
Project("{FAE04EC0-301F-11D3-BF4B-00C04F79EFBC}") = "Extended Standard Controls", "Extended Standard Controls\Extended Standard Controls.csproj", "{3FEB06A7-B28C-4674-8C84-18A75EDAB3EB}"
EndProject
Global
	GlobalSection(SolutionConfigurationPlatforms) = preSolution
		Debug|Any CPU = Debug|Any CPU
		Debug|x86 = Debug|x86
		Installer Only|Any CPU = Installer Only|Any CPU
		Installer Only|x86 = Installer Only|x86
		Release|Any CPU = Release|Any CPU
		Release|x86 = Release|x86
	EndGlobalSection
	GlobalSection(ProjectConfigurationPlatforms) = postSolution
		{1C9153E4-CDC4-44C9-9794-1D144FE87A1F}.Debug|Any CPU.ActiveCfg = Debug|Any CPU
		{1C9153E4-CDC4-44C9-9794-1D144FE87A1F}.Debug|Any CPU.Build.0 = Debug|Any CPU
		{1C9153E4-CDC4-44C9-9794-1D144FE87A1F}.Debug|x86.ActiveCfg = Debug|Any CPU
		{1C9153E4-CDC4-44C9-9794-1D144FE87A1F}.Debug|x86.Build.0 = Debug|Any CPU
		{1C9153E4-CDC4-44C9-9794-1D144FE87A1F}.Installer Only|Any CPU.ActiveCfg = Debug|Any CPU
		{1C9153E4-CDC4-44C9-9794-1D144FE87A1F}.Installer Only|x86.ActiveCfg = Debug|Any CPU
		{1C9153E4-CDC4-44C9-9794-1D144FE87A1F}.Installer Only|x86.Build.0 = Debug|Any CPU
		{1C9153E4-CDC4-44C9-9794-1D144FE87A1F}.Release|Any CPU.ActiveCfg = Release|Any CPU
		{1C9153E4-CDC4-44C9-9794-1D144FE87A1F}.Release|Any CPU.Build.0 = Release|Any CPU
		{1C9153E4-CDC4-44C9-9794-1D144FE87A1F}.Release|x86.ActiveCfg = Release|Any CPU
		{1C9153E4-CDC4-44C9-9794-1D144FE87A1F}.Release|x86.Build.0 = Release|Any CPU
		{2A10C696-45AD-48AA-8EAD-2CB322672972}.Debug|Any CPU.ActiveCfg = Debug|Any CPU
		{2A10C696-45AD-48AA-8EAD-2CB322672972}.Debug|Any CPU.Build.0 = Debug|Any CPU
		{2A10C696-45AD-48AA-8EAD-2CB322672972}.Debug|x86.ActiveCfg = Debug|Any CPU
		{2A10C696-45AD-48AA-8EAD-2CB322672972}.Debug|x86.Build.0 = Debug|Any CPU
		{2A10C696-45AD-48AA-8EAD-2CB322672972}.Installer Only|Any CPU.ActiveCfg = Debug|Any CPU
		{2A10C696-45AD-48AA-8EAD-2CB322672972}.Installer Only|x86.ActiveCfg = Debug|Any CPU
		{2A10C696-45AD-48AA-8EAD-2CB322672972}.Installer Only|x86.Build.0 = Debug|Any CPU
		{2A10C696-45AD-48AA-8EAD-2CB322672972}.Release|Any CPU.ActiveCfg = Release|Any CPU
		{2A10C696-45AD-48AA-8EAD-2CB322672972}.Release|Any CPU.Build.0 = Release|Any CPU
		{2A10C696-45AD-48AA-8EAD-2CB322672972}.Release|x86.ActiveCfg = Release|Any CPU
		{2A10C696-45AD-48AA-8EAD-2CB322672972}.Release|x86.Build.0 = Release|Any CPU
		{CA97E339-2014-47E3-890B-DF35F31EC11F}.Debug|Any CPU.ActiveCfg = Debug|Any CPU
		{CA97E339-2014-47E3-890B-DF35F31EC11F}.Debug|Any CPU.Build.0 = Debug|Any CPU
		{CA97E339-2014-47E3-890B-DF35F31EC11F}.Debug|x86.ActiveCfg = Debug|Any CPU
		{CA97E339-2014-47E3-890B-DF35F31EC11F}.Debug|x86.Build.0 = Debug|Any CPU
		{CA97E339-2014-47E3-890B-DF35F31EC11F}.Installer Only|Any CPU.ActiveCfg = Debug|Any CPU
		{CA97E339-2014-47E3-890B-DF35F31EC11F}.Installer Only|x86.ActiveCfg = Debug|Any CPU
		{CA97E339-2014-47E3-890B-DF35F31EC11F}.Installer Only|x86.Build.0 = Debug|Any CPU
		{CA97E339-2014-47E3-890B-DF35F31EC11F}.Release|Any CPU.ActiveCfg = Release|Any CPU
		{CA97E339-2014-47E3-890B-DF35F31EC11F}.Release|Any CPU.Build.0 = Release|Any CPU
		{CA97E339-2014-47E3-890B-DF35F31EC11F}.Release|x86.ActiveCfg = Release|Any CPU
		{CA97E339-2014-47E3-890B-DF35F31EC11F}.Release|x86.Build.0 = Release|Any CPU
		{E10C5153-0007-4DD3-930D-9D3117DB7C44}.Debug|Any CPU.ActiveCfg = Debug|Any CPU
		{E10C5153-0007-4DD3-930D-9D3117DB7C44}.Debug|Any CPU.Build.0 = Debug|Any CPU
		{E10C5153-0007-4DD3-930D-9D3117DB7C44}.Debug|x86.ActiveCfg = Debug|Any CPU
		{E10C5153-0007-4DD3-930D-9D3117DB7C44}.Debug|x86.Build.0 = Debug|Any CPU
		{E10C5153-0007-4DD3-930D-9D3117DB7C44}.Installer Only|Any CPU.ActiveCfg = Debug|Any CPU
		{E10C5153-0007-4DD3-930D-9D3117DB7C44}.Installer Only|x86.ActiveCfg = Debug|Any CPU
		{E10C5153-0007-4DD3-930D-9D3117DB7C44}.Installer Only|x86.Build.0 = Debug|Any CPU
		{E10C5153-0007-4DD3-930D-9D3117DB7C44}.Release|Any CPU.ActiveCfg = Release|Any CPU
		{E10C5153-0007-4DD3-930D-9D3117DB7C44}.Release|Any CPU.Build.0 = Release|Any CPU
		{E10C5153-0007-4DD3-930D-9D3117DB7C44}.Release|x86.ActiveCfg = Release|Any CPU
		{E10C5153-0007-4DD3-930D-9D3117DB7C44}.Release|x86.Build.0 = Release|Any CPU
		{BCC482FD-377F-4918-B91A-09444AC90A8E}.Debug|Any CPU.ActiveCfg = Debug|Any CPU
		{BCC482FD-377F-4918-B91A-09444AC90A8E}.Debug|Any CPU.Build.0 = Debug|Any CPU
		{BCC482FD-377F-4918-B91A-09444AC90A8E}.Debug|x86.ActiveCfg = Debug|Any CPU
		{BCC482FD-377F-4918-B91A-09444AC90A8E}.Debug|x86.Build.0 = Debug|Any CPU
		{BCC482FD-377F-4918-B91A-09444AC90A8E}.Installer Only|Any CPU.ActiveCfg = Debug|Any CPU
		{BCC482FD-377F-4918-B91A-09444AC90A8E}.Installer Only|x86.ActiveCfg = Debug|Any CPU
		{BCC482FD-377F-4918-B91A-09444AC90A8E}.Installer Only|x86.Build.0 = Debug|Any CPU
		{BCC482FD-377F-4918-B91A-09444AC90A8E}.Release|Any CPU.ActiveCfg = Release|Any CPU
		{BCC482FD-377F-4918-B91A-09444AC90A8E}.Release|Any CPU.Build.0 = Release|Any CPU
		{BCC482FD-377F-4918-B91A-09444AC90A8E}.Release|x86.ActiveCfg = Release|Any CPU
		{BCC482FD-377F-4918-B91A-09444AC90A8E}.Release|x86.Build.0 = Release|Any CPU
		{589068CB-78CE-40FA-95AA-9FEAD9C183F2}.Debug|Any CPU.ActiveCfg = Debug|Any CPU
		{589068CB-78CE-40FA-95AA-9FEAD9C183F2}.Debug|Any CPU.Build.0 = Debug|Any CPU
		{589068CB-78CE-40FA-95AA-9FEAD9C183F2}.Debug|x86.ActiveCfg = Debug|Any CPU
		{589068CB-78CE-40FA-95AA-9FEAD9C183F2}.Debug|x86.Build.0 = Debug|Any CPU
		{589068CB-78CE-40FA-95AA-9FEAD9C183F2}.Installer Only|Any CPU.ActiveCfg = Debug|Any CPU
		{589068CB-78CE-40FA-95AA-9FEAD9C183F2}.Installer Only|x86.ActiveCfg = Debug|Any CPU
		{589068CB-78CE-40FA-95AA-9FEAD9C183F2}.Installer Only|x86.Build.0 = Debug|Any CPU
		{589068CB-78CE-40FA-95AA-9FEAD9C183F2}.Release|Any CPU.ActiveCfg = Release|Any CPU
		{589068CB-78CE-40FA-95AA-9FEAD9C183F2}.Release|Any CPU.Build.0 = Release|Any CPU
		{589068CB-78CE-40FA-95AA-9FEAD9C183F2}.Release|x86.ActiveCfg = Release|Any CPU
		{589068CB-78CE-40FA-95AA-9FEAD9C183F2}.Release|x86.Build.0 = Release|Any CPU
		{EDB87D0C-A37C-48B5-9857-F014C438A4C5}.Debug|Any CPU.ActiveCfg = Debug|Any CPU
		{EDB87D0C-A37C-48B5-9857-F014C438A4C5}.Debug|Any CPU.Build.0 = Debug|Any CPU
		{EDB87D0C-A37C-48B5-9857-F014C438A4C5}.Debug|x86.ActiveCfg = Debug|Any CPU
		{EDB87D0C-A37C-48B5-9857-F014C438A4C5}.Debug|x86.Build.0 = Debug|Any CPU
		{EDB87D0C-A37C-48B5-9857-F014C438A4C5}.Installer Only|Any CPU.ActiveCfg = Release|Any CPU
		{EDB87D0C-A37C-48B5-9857-F014C438A4C5}.Installer Only|Any CPU.Build.0 = Release|Any CPU
		{EDB87D0C-A37C-48B5-9857-F014C438A4C5}.Installer Only|x86.ActiveCfg = Release|Any CPU
		{EDB87D0C-A37C-48B5-9857-F014C438A4C5}.Installer Only|x86.Build.0 = Release|Any CPU
		{EDB87D0C-A37C-48B5-9857-F014C438A4C5}.Release|Any CPU.ActiveCfg = Release|Any CPU
		{EDB87D0C-A37C-48B5-9857-F014C438A4C5}.Release|Any CPU.Build.0 = Release|Any CPU
		{EDB87D0C-A37C-48B5-9857-F014C438A4C5}.Release|x86.ActiveCfg = Release|Any CPU
		{EDB87D0C-A37C-48B5-9857-F014C438A4C5}.Release|x86.Build.0 = Release|Any CPU
		{D4644D8A-1C7A-43B6-8461-AB0B56FD6463}.Debug|Any CPU.ActiveCfg = Debug|Any CPU
		{D4644D8A-1C7A-43B6-8461-AB0B56FD6463}.Debug|Any CPU.Build.0 = Debug|Any CPU
		{D4644D8A-1C7A-43B6-8461-AB0B56FD6463}.Debug|x86.ActiveCfg = Debug|Any CPU
		{D4644D8A-1C7A-43B6-8461-AB0B56FD6463}.Debug|x86.Build.0 = Debug|Any CPU
		{D4644D8A-1C7A-43B6-8461-AB0B56FD6463}.Installer Only|Any CPU.ActiveCfg = Release|Any CPU
		{D4644D8A-1C7A-43B6-8461-AB0B56FD6463}.Installer Only|Any CPU.Build.0 = Release|Any CPU
		{D4644D8A-1C7A-43B6-8461-AB0B56FD6463}.Installer Only|x86.ActiveCfg = Release|Any CPU
		{D4644D8A-1C7A-43B6-8461-AB0B56FD6463}.Installer Only|x86.Build.0 = Release|Any CPU
		{D4644D8A-1C7A-43B6-8461-AB0B56FD6463}.Release|Any CPU.ActiveCfg = Release|Any CPU
		{D4644D8A-1C7A-43B6-8461-AB0B56FD6463}.Release|Any CPU.Build.0 = Release|Any CPU
		{D4644D8A-1C7A-43B6-8461-AB0B56FD6463}.Release|x86.ActiveCfg = Release|Any CPU
		{D4644D8A-1C7A-43B6-8461-AB0B56FD6463}.Release|x86.Build.0 = Release|Any CPU
		{EFB997FB-1E05-444B-BA02-16C004E1A111}.Debug|Any CPU.ActiveCfg = Debug|Any CPU
		{EFB997FB-1E05-444B-BA02-16C004E1A111}.Debug|Any CPU.Build.0 = Debug|Any CPU
		{EFB997FB-1E05-444B-BA02-16C004E1A111}.Debug|x86.ActiveCfg = Debug|Any CPU
		{EFB997FB-1E05-444B-BA02-16C004E1A111}.Debug|x86.Build.0 = Debug|Any CPU
		{EFB997FB-1E05-444B-BA02-16C004E1A111}.Installer Only|Any CPU.ActiveCfg = Release|Any CPU
		{EFB997FB-1E05-444B-BA02-16C004E1A111}.Installer Only|Any CPU.Build.0 = Release|Any CPU
		{EFB997FB-1E05-444B-BA02-16C004E1A111}.Installer Only|x86.ActiveCfg = Release|Any CPU
		{EFB997FB-1E05-444B-BA02-16C004E1A111}.Installer Only|x86.Build.0 = Release|Any CPU
		{EFB997FB-1E05-444B-BA02-16C004E1A111}.Release|Any CPU.ActiveCfg = Release|Any CPU
		{EFB997FB-1E05-444B-BA02-16C004E1A111}.Release|Any CPU.Build.0 = Release|Any CPU
		{EFB997FB-1E05-444B-BA02-16C004E1A111}.Release|x86.ActiveCfg = Release|Any CPU
		{EFB997FB-1E05-444B-BA02-16C004E1A111}.Release|x86.Build.0 = Release|Any CPU
		{5EA4522D-B13C-45B1-9BC6-13E29587248A}.Debug|Any CPU.ActiveCfg = Debug|Any CPU
		{5EA4522D-B13C-45B1-9BC6-13E29587248A}.Debug|Any CPU.Build.0 = Debug|Any CPU
		{5EA4522D-B13C-45B1-9BC6-13E29587248A}.Debug|x86.ActiveCfg = Debug|Any CPU
		{5EA4522D-B13C-45B1-9BC6-13E29587248A}.Debug|x86.Build.0 = Debug|Any CPU
		{5EA4522D-B13C-45B1-9BC6-13E29587248A}.Installer Only|Any CPU.ActiveCfg = Release|Any CPU
		{5EA4522D-B13C-45B1-9BC6-13E29587248A}.Installer Only|Any CPU.Build.0 = Release|Any CPU
		{5EA4522D-B13C-45B1-9BC6-13E29587248A}.Installer Only|x86.ActiveCfg = Release|Any CPU
		{5EA4522D-B13C-45B1-9BC6-13E29587248A}.Installer Only|x86.Build.0 = Release|Any CPU
		{5EA4522D-B13C-45B1-9BC6-13E29587248A}.Release|Any CPU.ActiveCfg = Release|Any CPU
		{5EA4522D-B13C-45B1-9BC6-13E29587248A}.Release|Any CPU.Build.0 = Release|Any CPU
		{5EA4522D-B13C-45B1-9BC6-13E29587248A}.Release|x86.ActiveCfg = Release|Any CPU
		{5EA4522D-B13C-45B1-9BC6-13E29587248A}.Release|x86.Build.0 = Release|Any CPU
		{246B3B50-3A2D-4A6A-BB69-E56D94108AC1}.Debug|Any CPU.ActiveCfg = Debug|Any CPU
		{246B3B50-3A2D-4A6A-BB69-E56D94108AC1}.Debug|Any CPU.Build.0 = Debug|Any CPU
		{246B3B50-3A2D-4A6A-BB69-E56D94108AC1}.Debug|x86.ActiveCfg = Debug|Any CPU
		{246B3B50-3A2D-4A6A-BB69-E56D94108AC1}.Debug|x86.Build.0 = Debug|Any CPU
		{246B3B50-3A2D-4A6A-BB69-E56D94108AC1}.Installer Only|Any CPU.ActiveCfg = Release|Any CPU
		{246B3B50-3A2D-4A6A-BB69-E56D94108AC1}.Installer Only|Any CPU.Build.0 = Release|Any CPU
		{246B3B50-3A2D-4A6A-BB69-E56D94108AC1}.Installer Only|x86.ActiveCfg = Release|Any CPU
		{246B3B50-3A2D-4A6A-BB69-E56D94108AC1}.Installer Only|x86.Build.0 = Release|Any CPU
		{246B3B50-3A2D-4A6A-BB69-E56D94108AC1}.Release|Any CPU.ActiveCfg = Release|Any CPU
		{246B3B50-3A2D-4A6A-BB69-E56D94108AC1}.Release|Any CPU.Build.0 = Release|Any CPU
		{246B3B50-3A2D-4A6A-BB69-E56D94108AC1}.Release|x86.ActiveCfg = Release|Any CPU
		{246B3B50-3A2D-4A6A-BB69-E56D94108AC1}.Release|x86.Build.0 = Release|Any CPU
		{83B06C50-5B61-467E-9620-BACF190E26F8}.Debug|Any CPU.ActiveCfg = Debug|Any CPU
		{83B06C50-5B61-467E-9620-BACF190E26F8}.Debug|Any CPU.Build.0 = Debug|Any CPU
		{83B06C50-5B61-467E-9620-BACF190E26F8}.Debug|x86.ActiveCfg = Debug|Any CPU
		{83B06C50-5B61-467E-9620-BACF190E26F8}.Debug|x86.Build.0 = Debug|Any CPU
		{83B06C50-5B61-467E-9620-BACF190E26F8}.Installer Only|Any CPU.ActiveCfg = Release|Any CPU
		{83B06C50-5B61-467E-9620-BACF190E26F8}.Installer Only|Any CPU.Build.0 = Release|Any CPU
		{83B06C50-5B61-467E-9620-BACF190E26F8}.Installer Only|x86.ActiveCfg = Release|Any CPU
		{83B06C50-5B61-467E-9620-BACF190E26F8}.Installer Only|x86.Build.0 = Release|Any CPU
		{83B06C50-5B61-467E-9620-BACF190E26F8}.Release|Any CPU.ActiveCfg = Release|Any CPU
		{83B06C50-5B61-467E-9620-BACF190E26F8}.Release|Any CPU.Build.0 = Release|Any CPU
		{83B06C50-5B61-467E-9620-BACF190E26F8}.Release|x86.ActiveCfg = Release|Any CPU
		{83B06C50-5B61-467E-9620-BACF190E26F8}.Release|x86.Build.0 = Release|Any CPU
		{ECB9CDA4-C0B9-4272-B8FC-921F29D688ED}.Debug|Any CPU.ActiveCfg = Debug|Any CPU
		{ECB9CDA4-C0B9-4272-B8FC-921F29D688ED}.Debug|Any CPU.Build.0 = Debug|Any CPU
		{ECB9CDA4-C0B9-4272-B8FC-921F29D688ED}.Debug|x86.ActiveCfg = Debug|Any CPU
		{ECB9CDA4-C0B9-4272-B8FC-921F29D688ED}.Debug|x86.Build.0 = Debug|Any CPU
		{ECB9CDA4-C0B9-4272-B8FC-921F29D688ED}.Installer Only|Any CPU.ActiveCfg = Release|Any CPU
		{ECB9CDA4-C0B9-4272-B8FC-921F29D688ED}.Installer Only|Any CPU.Build.0 = Release|Any CPU
		{ECB9CDA4-C0B9-4272-B8FC-921F29D688ED}.Installer Only|x86.ActiveCfg = Release|Any CPU
		{ECB9CDA4-C0B9-4272-B8FC-921F29D688ED}.Installer Only|x86.Build.0 = Release|Any CPU
		{ECB9CDA4-C0B9-4272-B8FC-921F29D688ED}.Release|Any CPU.ActiveCfg = Release|Any CPU
		{ECB9CDA4-C0B9-4272-B8FC-921F29D688ED}.Release|Any CPU.Build.0 = Release|Any CPU
		{ECB9CDA4-C0B9-4272-B8FC-921F29D688ED}.Release|x86.ActiveCfg = Release|Any CPU
		{ECB9CDA4-C0B9-4272-B8FC-921F29D688ED}.Release|x86.Build.0 = Release|Any CPU
		{EA6E7878-FCCB-416C-8FE1-E626D478A7A7}.Debug|Any CPU.ActiveCfg = Debug|Any CPU
		{EA6E7878-FCCB-416C-8FE1-E626D478A7A7}.Debug|Any CPU.Build.0 = Debug|Any CPU
		{EA6E7878-FCCB-416C-8FE1-E626D478A7A7}.Debug|x86.ActiveCfg = Debug|Any CPU
		{EA6E7878-FCCB-416C-8FE1-E626D478A7A7}.Debug|x86.Build.0 = Debug|Any CPU
		{EA6E7878-FCCB-416C-8FE1-E626D478A7A7}.Installer Only|Any CPU.ActiveCfg = Release|Any CPU
		{EA6E7878-FCCB-416C-8FE1-E626D478A7A7}.Installer Only|Any CPU.Build.0 = Release|Any CPU
		{EA6E7878-FCCB-416C-8FE1-E626D478A7A7}.Installer Only|x86.ActiveCfg = Release|Any CPU
		{EA6E7878-FCCB-416C-8FE1-E626D478A7A7}.Installer Only|x86.Build.0 = Release|Any CPU
		{EA6E7878-FCCB-416C-8FE1-E626D478A7A7}.Release|Any CPU.ActiveCfg = Release|Any CPU
		{EA6E7878-FCCB-416C-8FE1-E626D478A7A7}.Release|Any CPU.Build.0 = Release|Any CPU
		{EA6E7878-FCCB-416C-8FE1-E626D478A7A7}.Release|x86.ActiveCfg = Release|Any CPU
		{EA6E7878-FCCB-416C-8FE1-E626D478A7A7}.Release|x86.Build.0 = Release|Any CPU
		{82ABD367-ED24-424C-B572-6661F968E2D6}.Debug|Any CPU.ActiveCfg = Debug|Any CPU
		{82ABD367-ED24-424C-B572-6661F968E2D6}.Debug|Any CPU.Build.0 = Debug|Any CPU
		{82ABD367-ED24-424C-B572-6661F968E2D6}.Debug|x86.ActiveCfg = Debug|Any CPU
		{82ABD367-ED24-424C-B572-6661F968E2D6}.Debug|x86.Build.0 = Debug|Any CPU
		{82ABD367-ED24-424C-B572-6661F968E2D6}.Installer Only|Any CPU.ActiveCfg = Release|Any CPU
		{82ABD367-ED24-424C-B572-6661F968E2D6}.Installer Only|Any CPU.Build.0 = Release|Any CPU
		{82ABD367-ED24-424C-B572-6661F968E2D6}.Installer Only|x86.ActiveCfg = Release|Any CPU
		{82ABD367-ED24-424C-B572-6661F968E2D6}.Installer Only|x86.Build.0 = Release|Any CPU
		{82ABD367-ED24-424C-B572-6661F968E2D6}.Release|Any CPU.ActiveCfg = Release|Any CPU
		{82ABD367-ED24-424C-B572-6661F968E2D6}.Release|Any CPU.Build.0 = Release|Any CPU
		{82ABD367-ED24-424C-B572-6661F968E2D6}.Release|x86.ActiveCfg = Release|Any CPU
		{82ABD367-ED24-424C-B572-6661F968E2D6}.Release|x86.Build.0 = Release|Any CPU
		{1B480AF7-AC66-4BF6-9F75-294A7D1A9DDB}.Debug|Any CPU.ActiveCfg = Debug|Any CPU
		{1B480AF7-AC66-4BF6-9F75-294A7D1A9DDB}.Debug|Any CPU.Build.0 = Debug|Any CPU
		{1B480AF7-AC66-4BF6-9F75-294A7D1A9DDB}.Debug|x86.ActiveCfg = Debug|Any CPU
		{1B480AF7-AC66-4BF6-9F75-294A7D1A9DDB}.Debug|x86.Build.0 = Debug|Any CPU
		{1B480AF7-AC66-4BF6-9F75-294A7D1A9DDB}.Installer Only|Any CPU.ActiveCfg = Release|Any CPU
		{1B480AF7-AC66-4BF6-9F75-294A7D1A9DDB}.Installer Only|Any CPU.Build.0 = Release|Any CPU
		{1B480AF7-AC66-4BF6-9F75-294A7D1A9DDB}.Installer Only|x86.ActiveCfg = Release|Any CPU
		{1B480AF7-AC66-4BF6-9F75-294A7D1A9DDB}.Installer Only|x86.Build.0 = Release|Any CPU
		{1B480AF7-AC66-4BF6-9F75-294A7D1A9DDB}.Release|Any CPU.ActiveCfg = Release|Any CPU
		{1B480AF7-AC66-4BF6-9F75-294A7D1A9DDB}.Release|Any CPU.Build.0 = Release|Any CPU
		{1B480AF7-AC66-4BF6-9F75-294A7D1A9DDB}.Release|x86.ActiveCfg = Release|Any CPU
		{1B480AF7-AC66-4BF6-9F75-294A7D1A9DDB}.Release|x86.Build.0 = Release|Any CPU
		{CFB34C40-6461-4EA1-A81C-5E207F2D7BFE}.Debug|Any CPU.ActiveCfg = Debug|Any CPU
		{CFB34C40-6461-4EA1-A81C-5E207F2D7BFE}.Debug|Any CPU.Build.0 = Debug|Any CPU
		{CFB34C40-6461-4EA1-A81C-5E207F2D7BFE}.Debug|x86.ActiveCfg = Debug|Any CPU
		{CFB34C40-6461-4EA1-A81C-5E207F2D7BFE}.Debug|x86.Build.0 = Debug|Any CPU
		{CFB34C40-6461-4EA1-A81C-5E207F2D7BFE}.Installer Only|Any CPU.ActiveCfg = Release|Any CPU
		{CFB34C40-6461-4EA1-A81C-5E207F2D7BFE}.Installer Only|Any CPU.Build.0 = Release|Any CPU
		{CFB34C40-6461-4EA1-A81C-5E207F2D7BFE}.Installer Only|x86.ActiveCfg = Release|Any CPU
		{CFB34C40-6461-4EA1-A81C-5E207F2D7BFE}.Installer Only|x86.Build.0 = Release|Any CPU
		{CFB34C40-6461-4EA1-A81C-5E207F2D7BFE}.Release|Any CPU.ActiveCfg = Release|Any CPU
		{CFB34C40-6461-4EA1-A81C-5E207F2D7BFE}.Release|Any CPU.Build.0 = Release|Any CPU
		{CFB34C40-6461-4EA1-A81C-5E207F2D7BFE}.Release|x86.ActiveCfg = Release|Any CPU
		{CFB34C40-6461-4EA1-A81C-5E207F2D7BFE}.Release|x86.Build.0 = Release|Any CPU
		{1893C8B4-3215-4F77-9AFF-24659EC475BE}.Debug|Any CPU.ActiveCfg = Debug|Any CPU
		{1893C8B4-3215-4F77-9AFF-24659EC475BE}.Debug|Any CPU.Build.0 = Debug|Any CPU
		{1893C8B4-3215-4F77-9AFF-24659EC475BE}.Debug|x86.ActiveCfg = Debug|Any CPU
		{1893C8B4-3215-4F77-9AFF-24659EC475BE}.Debug|x86.Build.0 = Debug|Any CPU
		{1893C8B4-3215-4F77-9AFF-24659EC475BE}.Installer Only|Any CPU.ActiveCfg = Release|Any CPU
		{1893C8B4-3215-4F77-9AFF-24659EC475BE}.Installer Only|Any CPU.Build.0 = Release|Any CPU
		{1893C8B4-3215-4F77-9AFF-24659EC475BE}.Installer Only|x86.ActiveCfg = Release|Any CPU
		{1893C8B4-3215-4F77-9AFF-24659EC475BE}.Installer Only|x86.Build.0 = Release|Any CPU
		{1893C8B4-3215-4F77-9AFF-24659EC475BE}.Release|Any CPU.ActiveCfg = Release|Any CPU
		{1893C8B4-3215-4F77-9AFF-24659EC475BE}.Release|Any CPU.Build.0 = Release|Any CPU
		{1893C8B4-3215-4F77-9AFF-24659EC475BE}.Release|x86.ActiveCfg = Release|Any CPU
		{1893C8B4-3215-4F77-9AFF-24659EC475BE}.Release|x86.Build.0 = Release|Any CPU
		{5F28100D-C9A0-4361-B780-7AC132A421DF}.Debug|Any CPU.ActiveCfg = Debug|Any CPU
		{5F28100D-C9A0-4361-B780-7AC132A421DF}.Debug|Any CPU.Build.0 = Debug|Any CPU
		{5F28100D-C9A0-4361-B780-7AC132A421DF}.Debug|x86.ActiveCfg = Debug|Any CPU
		{5F28100D-C9A0-4361-B780-7AC132A421DF}.Debug|x86.Build.0 = Debug|Any CPU
		{5F28100D-C9A0-4361-B780-7AC132A421DF}.Installer Only|Any CPU.ActiveCfg = Release|Any CPU
		{5F28100D-C9A0-4361-B780-7AC132A421DF}.Installer Only|Any CPU.Build.0 = Release|Any CPU
		{5F28100D-C9A0-4361-B780-7AC132A421DF}.Installer Only|x86.ActiveCfg = Release|Any CPU
		{5F28100D-C9A0-4361-B780-7AC132A421DF}.Installer Only|x86.Build.0 = Release|Any CPU
		{5F28100D-C9A0-4361-B780-7AC132A421DF}.Release|Any CPU.ActiveCfg = Release|Any CPU
		{5F28100D-C9A0-4361-B780-7AC132A421DF}.Release|Any CPU.Build.0 = Release|Any CPU
		{5F28100D-C9A0-4361-B780-7AC132A421DF}.Release|x86.ActiveCfg = Release|Any CPU
		{5F28100D-C9A0-4361-B780-7AC132A421DF}.Release|x86.Build.0 = Release|Any CPU
		{5FB8D2C2-A56F-43F7-9B83-6780872C38DB}.Debug|Any CPU.ActiveCfg = Debug|Any CPU
		{5FB8D2C2-A56F-43F7-9B83-6780872C38DB}.Debug|Any CPU.Build.0 = Debug|Any CPU
		{5FB8D2C2-A56F-43F7-9B83-6780872C38DB}.Debug|x86.ActiveCfg = Debug|Any CPU
		{5FB8D2C2-A56F-43F7-9B83-6780872C38DB}.Debug|x86.Build.0 = Debug|Any CPU
		{5FB8D2C2-A56F-43F7-9B83-6780872C38DB}.Installer Only|Any CPU.ActiveCfg = Release|Any CPU
		{5FB8D2C2-A56F-43F7-9B83-6780872C38DB}.Installer Only|Any CPU.Build.0 = Release|Any CPU
		{5FB8D2C2-A56F-43F7-9B83-6780872C38DB}.Installer Only|x86.ActiveCfg = Release|Any CPU
		{5FB8D2C2-A56F-43F7-9B83-6780872C38DB}.Installer Only|x86.Build.0 = Release|Any CPU
		{5FB8D2C2-A56F-43F7-9B83-6780872C38DB}.Release|Any CPU.ActiveCfg = Release|Any CPU
		{5FB8D2C2-A56F-43F7-9B83-6780872C38DB}.Release|Any CPU.Build.0 = Release|Any CPU
		{5FB8D2C2-A56F-43F7-9B83-6780872C38DB}.Release|x86.ActiveCfg = Release|Any CPU
		{5FB8D2C2-A56F-43F7-9B83-6780872C38DB}.Release|x86.Build.0 = Release|Any CPU
		{6EF90793-B892-4C05-909D-99BF484F9665}.Debug|Any CPU.ActiveCfg = Debug|Any CPU
		{6EF90793-B892-4C05-909D-99BF484F9665}.Debug|Any CPU.Build.0 = Debug|Any CPU
		{6EF90793-B892-4C05-909D-99BF484F9665}.Debug|x86.ActiveCfg = Debug|Any CPU
		{6EF90793-B892-4C05-909D-99BF484F9665}.Debug|x86.Build.0 = Debug|Any CPU
		{6EF90793-B892-4C05-909D-99BF484F9665}.Installer Only|Any CPU.ActiveCfg = Release|Any CPU
		{6EF90793-B892-4C05-909D-99BF484F9665}.Installer Only|Any CPU.Build.0 = Release|Any CPU
		{6EF90793-B892-4C05-909D-99BF484F9665}.Installer Only|x86.ActiveCfg = Release|Any CPU
		{6EF90793-B892-4C05-909D-99BF484F9665}.Installer Only|x86.Build.0 = Release|Any CPU
		{6EF90793-B892-4C05-909D-99BF484F9665}.Release|Any CPU.ActiveCfg = Release|Any CPU
		{6EF90793-B892-4C05-909D-99BF484F9665}.Release|Any CPU.Build.0 = Release|Any CPU
		{6EF90793-B892-4C05-909D-99BF484F9665}.Release|x86.ActiveCfg = Release|Any CPU
		{6EF90793-B892-4C05-909D-99BF484F9665}.Release|x86.Build.0 = Release|Any CPU
		{F129832D-6B72-4126-9614-627433CE0C7A}.Debug|Any CPU.ActiveCfg = Debug|Any CPU
		{F129832D-6B72-4126-9614-627433CE0C7A}.Debug|Any CPU.Build.0 = Debug|Any CPU
		{F129832D-6B72-4126-9614-627433CE0C7A}.Debug|x86.ActiveCfg = Debug|Any CPU
		{F129832D-6B72-4126-9614-627433CE0C7A}.Debug|x86.Build.0 = Debug|Any CPU
		{F129832D-6B72-4126-9614-627433CE0C7A}.Installer Only|Any CPU.ActiveCfg = Release|Any CPU
		{F129832D-6B72-4126-9614-627433CE0C7A}.Installer Only|Any CPU.Build.0 = Release|Any CPU
		{F129832D-6B72-4126-9614-627433CE0C7A}.Installer Only|x86.ActiveCfg = Release|Any CPU
		{F129832D-6B72-4126-9614-627433CE0C7A}.Installer Only|x86.Build.0 = Release|Any CPU
		{F129832D-6B72-4126-9614-627433CE0C7A}.Release|Any CPU.ActiveCfg = Release|Any CPU
		{F129832D-6B72-4126-9614-627433CE0C7A}.Release|Any CPU.Build.0 = Release|Any CPU
		{F129832D-6B72-4126-9614-627433CE0C7A}.Release|x86.ActiveCfg = Release|Any CPU
		{F129832D-6B72-4126-9614-627433CE0C7A}.Release|x86.Build.0 = Release|Any CPU
		{A2F6A6C7-A8A9-4509-93E0-EDF09B6A03A7}.Debug|Any CPU.ActiveCfg = Debug|Any CPU
		{A2F6A6C7-A8A9-4509-93E0-EDF09B6A03A7}.Debug|Any CPU.Build.0 = Debug|Any CPU
		{A2F6A6C7-A8A9-4509-93E0-EDF09B6A03A7}.Debug|x86.ActiveCfg = Debug|Any CPU
		{A2F6A6C7-A8A9-4509-93E0-EDF09B6A03A7}.Debug|x86.Build.0 = Debug|Any CPU
		{A2F6A6C7-A8A9-4509-93E0-EDF09B6A03A7}.Installer Only|Any CPU.ActiveCfg = Release|Any CPU
		{A2F6A6C7-A8A9-4509-93E0-EDF09B6A03A7}.Installer Only|Any CPU.Build.0 = Release|Any CPU
		{A2F6A6C7-A8A9-4509-93E0-EDF09B6A03A7}.Installer Only|x86.ActiveCfg = Release|Any CPU
		{A2F6A6C7-A8A9-4509-93E0-EDF09B6A03A7}.Installer Only|x86.Build.0 = Release|Any CPU
		{A2F6A6C7-A8A9-4509-93E0-EDF09B6A03A7}.Release|Any CPU.ActiveCfg = Release|Any CPU
		{A2F6A6C7-A8A9-4509-93E0-EDF09B6A03A7}.Release|Any CPU.Build.0 = Release|Any CPU
		{A2F6A6C7-A8A9-4509-93E0-EDF09B6A03A7}.Release|x86.ActiveCfg = Release|Any CPU
		{A2F6A6C7-A8A9-4509-93E0-EDF09B6A03A7}.Release|x86.Build.0 = Release|Any CPU
		{222C7D90-9D2A-4736-B58D-80AF566BA167}.Debug|Any CPU.ActiveCfg = Debug|Any CPU
		{222C7D90-9D2A-4736-B58D-80AF566BA167}.Debug|Any CPU.Build.0 = Debug|Any CPU
		{222C7D90-9D2A-4736-B58D-80AF566BA167}.Debug|x86.ActiveCfg = Debug|Any CPU
		{222C7D90-9D2A-4736-B58D-80AF566BA167}.Debug|x86.Build.0 = Debug|Any CPU
		{222C7D90-9D2A-4736-B58D-80AF566BA167}.Installer Only|Any CPU.ActiveCfg = Release|Any CPU
		{222C7D90-9D2A-4736-B58D-80AF566BA167}.Installer Only|Any CPU.Build.0 = Release|Any CPU
		{222C7D90-9D2A-4736-B58D-80AF566BA167}.Installer Only|x86.ActiveCfg = Release|Any CPU
		{222C7D90-9D2A-4736-B58D-80AF566BA167}.Installer Only|x86.Build.0 = Release|Any CPU
		{222C7D90-9D2A-4736-B58D-80AF566BA167}.Release|Any CPU.ActiveCfg = Release|Any CPU
		{222C7D90-9D2A-4736-B58D-80AF566BA167}.Release|Any CPU.Build.0 = Release|Any CPU
		{222C7D90-9D2A-4736-B58D-80AF566BA167}.Release|x86.ActiveCfg = Release|Any CPU
		{222C7D90-9D2A-4736-B58D-80AF566BA167}.Release|x86.Build.0 = Release|Any CPU
		{D511D3C1-3F1F-49D7-80EB-BBAB364F4A0F}.Debug|Any CPU.ActiveCfg = Debug|Any CPU
		{D511D3C1-3F1F-49D7-80EB-BBAB364F4A0F}.Debug|Any CPU.Build.0 = Debug|Any CPU
		{D511D3C1-3F1F-49D7-80EB-BBAB364F4A0F}.Debug|x86.ActiveCfg = Debug|Any CPU
		{D511D3C1-3F1F-49D7-80EB-BBAB364F4A0F}.Debug|x86.Build.0 = Debug|Any CPU
		{D511D3C1-3F1F-49D7-80EB-BBAB364F4A0F}.Installer Only|Any CPU.ActiveCfg = Release|Any CPU
		{D511D3C1-3F1F-49D7-80EB-BBAB364F4A0F}.Installer Only|Any CPU.Build.0 = Release|Any CPU
		{D511D3C1-3F1F-49D7-80EB-BBAB364F4A0F}.Installer Only|x86.ActiveCfg = Release|Any CPU
		{D511D3C1-3F1F-49D7-80EB-BBAB364F4A0F}.Installer Only|x86.Build.0 = Release|Any CPU
		{D511D3C1-3F1F-49D7-80EB-BBAB364F4A0F}.Release|Any CPU.ActiveCfg = Release|Any CPU
		{D511D3C1-3F1F-49D7-80EB-BBAB364F4A0F}.Release|Any CPU.Build.0 = Release|Any CPU
		{D511D3C1-3F1F-49D7-80EB-BBAB364F4A0F}.Release|x86.ActiveCfg = Release|Any CPU
		{D511D3C1-3F1F-49D7-80EB-BBAB364F4A0F}.Release|x86.Build.0 = Release|Any CPU
		{C6C970D3-A65B-4C1A-9043-81A1E90B8C8A}.Debug|Any CPU.ActiveCfg = Debug|Any CPU
		{C6C970D3-A65B-4C1A-9043-81A1E90B8C8A}.Debug|Any CPU.Build.0 = Debug|Any CPU
		{C6C970D3-A65B-4C1A-9043-81A1E90B8C8A}.Debug|x86.ActiveCfg = Debug|Any CPU
		{C6C970D3-A65B-4C1A-9043-81A1E90B8C8A}.Debug|x86.Build.0 = Debug|Any CPU
		{C6C970D3-A65B-4C1A-9043-81A1E90B8C8A}.Installer Only|Any CPU.ActiveCfg = Release|Any CPU
		{C6C970D3-A65B-4C1A-9043-81A1E90B8C8A}.Installer Only|Any CPU.Build.0 = Release|Any CPU
		{C6C970D3-A65B-4C1A-9043-81A1E90B8C8A}.Installer Only|x86.ActiveCfg = Release|Any CPU
		{C6C970D3-A65B-4C1A-9043-81A1E90B8C8A}.Installer Only|x86.Build.0 = Release|Any CPU
		{C6C970D3-A65B-4C1A-9043-81A1E90B8C8A}.Release|Any CPU.ActiveCfg = Release|Any CPU
		{C6C970D3-A65B-4C1A-9043-81A1E90B8C8A}.Release|Any CPU.Build.0 = Release|Any CPU
		{C6C970D3-A65B-4C1A-9043-81A1E90B8C8A}.Release|x86.ActiveCfg = Release|Any CPU
		{C6C970D3-A65B-4C1A-9043-81A1E90B8C8A}.Release|x86.Build.0 = Release|Any CPU
		{2BBF5CC9-0A5C-4943-BD81-006564E5FC61}.Debug|Any CPU.ActiveCfg = Debug|Any CPU
		{2BBF5CC9-0A5C-4943-BD81-006564E5FC61}.Debug|Any CPU.Build.0 = Debug|Any CPU
		{2BBF5CC9-0A5C-4943-BD81-006564E5FC61}.Debug|x86.ActiveCfg = Debug|Any CPU
		{2BBF5CC9-0A5C-4943-BD81-006564E5FC61}.Debug|x86.Build.0 = Debug|Any CPU
		{2BBF5CC9-0A5C-4943-BD81-006564E5FC61}.Installer Only|Any CPU.ActiveCfg = Release|Any CPU
		{2BBF5CC9-0A5C-4943-BD81-006564E5FC61}.Installer Only|Any CPU.Build.0 = Release|Any CPU
		{2BBF5CC9-0A5C-4943-BD81-006564E5FC61}.Installer Only|x86.ActiveCfg = Release|Any CPU
		{2BBF5CC9-0A5C-4943-BD81-006564E5FC61}.Installer Only|x86.Build.0 = Release|Any CPU
		{2BBF5CC9-0A5C-4943-BD81-006564E5FC61}.Release|Any CPU.ActiveCfg = Release|Any CPU
		{2BBF5CC9-0A5C-4943-BD81-006564E5FC61}.Release|Any CPU.Build.0 = Release|Any CPU
		{2BBF5CC9-0A5C-4943-BD81-006564E5FC61}.Release|x86.ActiveCfg = Release|Any CPU
		{2BBF5CC9-0A5C-4943-BD81-006564E5FC61}.Release|x86.Build.0 = Release|Any CPU
		{ECDF3883-0655-421A-BC76-8E822BC9C778}.Debug|Any CPU.ActiveCfg = Debug|Any CPU
		{ECDF3883-0655-421A-BC76-8E822BC9C778}.Debug|Any CPU.Build.0 = Debug|Any CPU
		{ECDF3883-0655-421A-BC76-8E822BC9C778}.Debug|x86.ActiveCfg = Debug|Any CPU
		{ECDF3883-0655-421A-BC76-8E822BC9C778}.Debug|x86.Build.0 = Debug|Any CPU
		{ECDF3883-0655-421A-BC76-8E822BC9C778}.Installer Only|Any CPU.ActiveCfg = Release|Any CPU
		{ECDF3883-0655-421A-BC76-8E822BC9C778}.Installer Only|Any CPU.Build.0 = Release|Any CPU
		{ECDF3883-0655-421A-BC76-8E822BC9C778}.Installer Only|x86.ActiveCfg = Release|Any CPU
		{ECDF3883-0655-421A-BC76-8E822BC9C778}.Installer Only|x86.Build.0 = Release|Any CPU
		{ECDF3883-0655-421A-BC76-8E822BC9C778}.Release|Any CPU.ActiveCfg = Release|Any CPU
		{ECDF3883-0655-421A-BC76-8E822BC9C778}.Release|Any CPU.Build.0 = Release|Any CPU
		{ECDF3883-0655-421A-BC76-8E822BC9C778}.Release|x86.ActiveCfg = Release|Any CPU
		{ECDF3883-0655-421A-BC76-8E822BC9C778}.Release|x86.Build.0 = Release|Any CPU
		{95AC450D-BEBB-464B-9C1D-C25F49D904EA}.Debug|Any CPU.ActiveCfg = Debug|Any CPU
		{95AC450D-BEBB-464B-9C1D-C25F49D904EA}.Debug|Any CPU.Build.0 = Debug|Any CPU
		{95AC450D-BEBB-464B-9C1D-C25F49D904EA}.Debug|x86.ActiveCfg = Debug|Any CPU
		{95AC450D-BEBB-464B-9C1D-C25F49D904EA}.Debug|x86.Build.0 = Debug|Any CPU
		{95AC450D-BEBB-464B-9C1D-C25F49D904EA}.Installer Only|Any CPU.ActiveCfg = Release|Any CPU
		{95AC450D-BEBB-464B-9C1D-C25F49D904EA}.Installer Only|Any CPU.Build.0 = Release|Any CPU
		{95AC450D-BEBB-464B-9C1D-C25F49D904EA}.Installer Only|x86.ActiveCfg = Release|Any CPU
		{95AC450D-BEBB-464B-9C1D-C25F49D904EA}.Installer Only|x86.Build.0 = Release|Any CPU
		{95AC450D-BEBB-464B-9C1D-C25F49D904EA}.Release|Any CPU.ActiveCfg = Release|Any CPU
		{95AC450D-BEBB-464B-9C1D-C25F49D904EA}.Release|Any CPU.Build.0 = Release|Any CPU
		{95AC450D-BEBB-464B-9C1D-C25F49D904EA}.Release|x86.ActiveCfg = Release|Any CPU
		{95AC450D-BEBB-464B-9C1D-C25F49D904EA}.Release|x86.Build.0 = Release|Any CPU
		{3FEB06A7-B28C-4674-8C84-18A75EDAB3EB}.Debug|Any CPU.ActiveCfg = Debug|Any CPU
		{3FEB06A7-B28C-4674-8C84-18A75EDAB3EB}.Debug|Any CPU.Build.0 = Debug|Any CPU
		{3FEB06A7-B28C-4674-8C84-18A75EDAB3EB}.Debug|x86.ActiveCfg = Debug|Any CPU
		{3FEB06A7-B28C-4674-8C84-18A75EDAB3EB}.Debug|x86.Build.0 = Debug|Any CPU
		{3FEB06A7-B28C-4674-8C84-18A75EDAB3EB}.Installer Only|Any CPU.ActiveCfg = Release|Any CPU
		{3FEB06A7-B28C-4674-8C84-18A75EDAB3EB}.Installer Only|Any CPU.Build.0 = Release|Any CPU
		{3FEB06A7-B28C-4674-8C84-18A75EDAB3EB}.Installer Only|x86.ActiveCfg = Release|Any CPU
		{3FEB06A7-B28C-4674-8C84-18A75EDAB3EB}.Installer Only|x86.Build.0 = Release|Any CPU
		{3FEB06A7-B28C-4674-8C84-18A75EDAB3EB}.Release|Any CPU.ActiveCfg = Release|Any CPU
		{3FEB06A7-B28C-4674-8C84-18A75EDAB3EB}.Release|Any CPU.Build.0 = Release|Any CPU
		{3FEB06A7-B28C-4674-8C84-18A75EDAB3EB}.Release|x86.ActiveCfg = Release|Any CPU
		{3FEB06A7-B28C-4674-8C84-18A75EDAB3EB}.Release|x86.Build.0 = Release|Any CPU
	EndGlobalSection
	GlobalSection(SolutionProperties) = preSolution
		HideSolutionNode = FALSE
	EndGlobalSection
	GlobalSection(NestedProjects) = preSolution
		{1C9153E4-CDC4-44C9-9794-1D144FE87A1F} = {BE6131E9-83D1-4358-A42D-983F53052EA8}
		{2A10C696-45AD-48AA-8EAD-2CB322672972} = {00BD5065-7D99-43D4-BF83-5AB7B3474EF1}
		{CA97E339-2014-47E3-890B-DF35F31EC11F} = {00BD5065-7D99-43D4-BF83-5AB7B3474EF1}
		{E10C5153-0007-4DD3-930D-9D3117DB7C44} = {A4766F6B-D724-49F3-9ED9-F24640D0F7CF}
		{BCC482FD-377F-4918-B91A-09444AC90A8E} = {BE6131E9-83D1-4358-A42D-983F53052EA8}
		{589068CB-78CE-40FA-95AA-9FEAD9C183F2} = {EF2AC5E6-01AD-4A42-A761-2FC42D4E5C7F}
		{D2B92C0D-A67E-4739-A6F9-DFA7F5DF7E3E} = {D4ADA5CA-C5FE-4C4C-9B56-17CBCA64240B}
		{7E8CB4D3-B017-4E65-81CD-74DBFA0E30DB} = {D2B92C0D-A67E-4739-A6F9-DFA7F5DF7E3E}
		{3FBD4A85-FA04-470D-BD52-F086246B78FA} = {D2B92C0D-A67E-4739-A6F9-DFA7F5DF7E3E}
		{EDB87D0C-A37C-48B5-9857-F014C438A4C5} = {BE6131E9-83D1-4358-A42D-983F53052EA8}
		{D4644D8A-1C7A-43B6-8461-AB0B56FD6463} = {BE6131E9-83D1-4358-A42D-983F53052EA8}
		{EFB997FB-1E05-444B-BA02-16C004E1A111} = {BE6131E9-83D1-4358-A42D-983F53052EA8}
		{CC796EB8-B522-4FA7-A0D5-9F35BF737D85} = {F105F91F-3940-44DD-AA7F-B3CEB9EBBC88}
		{D12038C3-B795-4BF0-9E03-8EC282FED476} = {F105F91F-3940-44DD-AA7F-B3CEB9EBBC88}
		{68CF0D41-4A18-47AA-A4DD-2C5031AD67CB} = {F105F91F-3940-44DD-AA7F-B3CEB9EBBC88}
		{5EA4522D-B13C-45B1-9BC6-13E29587248A} = {EF2AC5E6-01AD-4A42-A761-2FC42D4E5C7F}
		{246B3B50-3A2D-4A6A-BB69-E56D94108AC1} = {EF2AC5E6-01AD-4A42-A761-2FC42D4E5C7F}
		{DE81BC2A-EC33-4847-A34E-62B5849C2A93} = {F105F91F-3940-44DD-AA7F-B3CEB9EBBC88}
		{83B06C50-5B61-467E-9620-BACF190E26F8} = {EF2AC5E6-01AD-4A42-A761-2FC42D4E5C7F}
		{7413922C-F694-4507-B00C-9ED0A03A411D} = {B4B787F0-53A2-498F-8893-091C709F73E4}
		{ECB9CDA4-C0B9-4272-B8FC-921F29D688ED} = {EF2AC5E6-01AD-4A42-A761-2FC42D4E5C7F}
		{EA6E7878-FCCB-416C-8FE1-E626D478A7A7} = {40012A2D-6D4F-4EE7-991D-7073DC5A579C}
		{82ABD367-ED24-424C-B572-6661F968E2D6} = {00BD5065-7D99-43D4-BF83-5AB7B3474EF1}
		{1B480AF7-AC66-4BF6-9F75-294A7D1A9DDB} = {00BD5065-7D99-43D4-BF83-5AB7B3474EF1}
		{CFB34C40-6461-4EA1-A81C-5E207F2D7BFE} = {40012A2D-6D4F-4EE7-991D-7073DC5A579C}
		{1893C8B4-3215-4F77-9AFF-24659EC475BE} = {00BD5065-7D99-43D4-BF83-5AB7B3474EF1}
		{BE6131E9-83D1-4358-A42D-983F53052EA8} = {F670C909-A1F3-409F-886C-B2A1B243AA82}
		{00BD5065-7D99-43D4-BF83-5AB7B3474EF1} = {F670C909-A1F3-409F-886C-B2A1B243AA82}
		{40012A2D-6D4F-4EE7-991D-7073DC5A579C} = {F670C909-A1F3-409F-886C-B2A1B243AA82}
		{EF2AC5E6-01AD-4A42-A761-2FC42D4E5C7F} = {F670C909-A1F3-409F-886C-B2A1B243AA82}
		{A4766F6B-D724-49F3-9ED9-F24640D0F7CF} = {F670C909-A1F3-409F-886C-B2A1B243AA82}
		{5F28100D-C9A0-4361-B780-7AC132A421DF} = {00BD5065-7D99-43D4-BF83-5AB7B3474EF1}
		{5FB8D2C2-A56F-43F7-9B83-6780872C38DB} = {00BD5065-7D99-43D4-BF83-5AB7B3474EF1}
		{6EF90793-B892-4C05-909D-99BF484F9665} = {00BD5065-7D99-43D4-BF83-5AB7B3474EF1}
		{F129832D-6B72-4126-9614-627433CE0C7A} = {00BD5065-7D99-43D4-BF83-5AB7B3474EF1}
		{A2F6A6C7-A8A9-4509-93E0-EDF09B6A03A7} = {00BD5065-7D99-43D4-BF83-5AB7B3474EF1}
		{222C7D90-9D2A-4736-B58D-80AF566BA167} = {00BD5065-7D99-43D4-BF83-5AB7B3474EF1}
		{D511D3C1-3F1F-49D7-80EB-BBAB364F4A0F} = {00BD5065-7D99-43D4-BF83-5AB7B3474EF1}
		{C6C970D3-A65B-4C1A-9043-81A1E90B8C8A} = {00BD5065-7D99-43D4-BF83-5AB7B3474EF1}
		{2BBF5CC9-0A5C-4943-BD81-006564E5FC61} = {7204EF98-3DD9-47F7-9970-163C6C414E99}
		{7204EF98-3DD9-47F7-9970-163C6C414E99} = {945E3BB1-77AC-4152-8729-9810EFBC9CE8}
		{ECDF3883-0655-421A-BC76-8E822BC9C778} = {40012A2D-6D4F-4EE7-991D-7073DC5A579C}
		{95AC450D-BEBB-464B-9C1D-C25F49D904EA} = {EF2AC5E6-01AD-4A42-A761-2FC42D4E5C7F}
		{3FEB06A7-B28C-4674-8C84-18A75EDAB3EB} = {00BD5065-7D99-43D4-BF83-5AB7B3474EF1}
	EndGlobalSection
	GlobalSection(ExtensibilityGlobals) = postSolution
		SolutionGuid = {A4D1018D-143A-451D-8FC0-F63E4923F552}
	EndGlobalSection
EndGlobal
