
Microsoft Visual Studio Solution File, Format Version 12.00
# Visual Studio 15
VisualStudioVersion = 15.0.27323.2
MinimumVisualStudioVersion = 10.0.40219.1
Project("{FAE04EC0-301F-11D3-BF4B-00C04F79EFBC}") = "Extended Controls", "Extended Controls\Extended Controls.csproj", "{1C9153E4-CDC4-44C9-9794-1D144FE87A1F}"
EndProject
Project("{FAE04EC0-301F-11D3-BF4B-00C04F79EFBC}") = "Krypton Outlook Grid", "Krypton Outlook Grid\Krypton Outlook Grid.csproj", "{2A10C696-45AD-48AA-8EAD-2CB322672972}"
EndProject
Project("{FAE04EC0-301F-11D3-BF4B-00C04F79EFBC}") = "Item Templates", "Item Templates\Item Templates.csproj", "{187B24BA-4B66-4D61-9BD6-D0E83DB45BD5}"
EndProject
Project("{FAE04EC0-301F-11D3-BF4B-00C04F79EFBC}") = "Global Utilities", "Global Utilities\Global Utilities.csproj", "{2CDBE9AA-DEB3-4A7B-97D7-7DC665418E92}"
EndProject
Project("{FAE04EC0-301F-11D3-BF4B-00C04F79EFBC}") = "Krypton Wizard", "Krypton Wizard\Krypton Wizard.csproj", "{CA97E339-2014-47E3-890B-DF35F31EC11F}"
EndProject
Project("{FAE04EC0-301F-11D3-BF4B-00C04F79EFBC}") = "Playground", "Playground\Playground.csproj", "{E10C5153-0007-4DD3-930D-9D3117DB7C44}"
EndProject
Project("{FAE04EC0-301F-11D3-BF4B-00C04F79EFBC}") = "Application Updater", "Application Updater\Application Updater.csproj", "{BCC482FD-377F-4918-B91A-09444AC90A8E}"
EndProject
Project("{2150E333-8FDC-42A3-9474-1A3956D46DE8}") = "Readme", "Readme", "{3B7410AE-4D93-411E-9C06-5CB84636CBD5}"
	ProjectSection(SolutionItems) = preProject
		..\..\README.md = ..\..\README.md
	EndProjectSection
EndProject
Project("{FAE04EC0-301F-11D3-BF4B-00C04F79EFBC}") = "Update File Creator", "Update File Creator\Update File Creator.csproj", "{589068CB-78CE-40FA-95AA-9FEAD9C183F2}"
EndProject
Project("{840C416C-B8F3-42BC-B0DD-F6BB14C9F8CB}") = "Setup", "Setup\Setup.aiproj", "{B663D78B-97A6-4729-9F6B-12DC5392E9C7}"
EndProject
Project("{930C7802-8A8C-48F9-8165-68863BCCD9DD}") = "WIX Setup", "WIX Setup\WIX Setup.wixproj", "{7474A9BB-8747-4EF7-8513-04C8229CFD95}"
EndProject
Global
	GlobalSection(SolutionConfigurationPlatforms) = preSolution
		Debug|Any CPU = Debug|Any CPU
		Debug|x86 = Debug|x86
		DefaultBuild|Any CPU = DefaultBuild|Any CPU
		DefaultBuild|x86 = DefaultBuild|x86
		Release|Any CPU = Release|Any CPU
		Release|x86 = Release|x86
	EndGlobalSection
	GlobalSection(ProjectConfigurationPlatforms) = postSolution
		{1C9153E4-CDC4-44C9-9794-1D144FE87A1F}.Debug|Any CPU.ActiveCfg = Debug|Any CPU
		{1C9153E4-CDC4-44C9-9794-1D144FE87A1F}.Debug|Any CPU.Build.0 = Debug|Any CPU
		{1C9153E4-CDC4-44C9-9794-1D144FE87A1F}.Debug|x86.ActiveCfg = Debug|Any CPU
		{1C9153E4-CDC4-44C9-9794-1D144FE87A1F}.Debug|x86.Build.0 = Debug|Any CPU
		{1C9153E4-CDC4-44C9-9794-1D144FE87A1F}.DefaultBuild|Any CPU.ActiveCfg = Debug|Any CPU
		{1C9153E4-CDC4-44C9-9794-1D144FE87A1F}.DefaultBuild|Any CPU.Build.0 = Debug|Any CPU
		{1C9153E4-CDC4-44C9-9794-1D144FE87A1F}.DefaultBuild|x86.ActiveCfg = Debug|Any CPU
		{1C9153E4-CDC4-44C9-9794-1D144FE87A1F}.DefaultBuild|x86.Build.0 = Debug|Any CPU
		{1C9153E4-CDC4-44C9-9794-1D144FE87A1F}.Release|Any CPU.ActiveCfg = Release|Any CPU
		{1C9153E4-CDC4-44C9-9794-1D144FE87A1F}.Release|Any CPU.Build.0 = Release|Any CPU
		{1C9153E4-CDC4-44C9-9794-1D144FE87A1F}.Release|x86.ActiveCfg = Release|Any CPU
		{1C9153E4-CDC4-44C9-9794-1D144FE87A1F}.Release|x86.Build.0 = Release|Any CPU
		{2A10C696-45AD-48AA-8EAD-2CB322672972}.Debug|Any CPU.ActiveCfg = Debug|Any CPU
		{2A10C696-45AD-48AA-8EAD-2CB322672972}.Debug|Any CPU.Build.0 = Debug|Any CPU
		{2A10C696-45AD-48AA-8EAD-2CB322672972}.Debug|x86.ActiveCfg = Debug|Any CPU
		{2A10C696-45AD-48AA-8EAD-2CB322672972}.Debug|x86.Build.0 = Debug|Any CPU
		{2A10C696-45AD-48AA-8EAD-2CB322672972}.DefaultBuild|Any CPU.ActiveCfg = Debug|Any CPU
		{2A10C696-45AD-48AA-8EAD-2CB322672972}.DefaultBuild|Any CPU.Build.0 = Debug|Any CPU
		{2A10C696-45AD-48AA-8EAD-2CB322672972}.DefaultBuild|x86.ActiveCfg = Debug|Any CPU
		{2A10C696-45AD-48AA-8EAD-2CB322672972}.DefaultBuild|x86.Build.0 = Debug|Any CPU
		{2A10C696-45AD-48AA-8EAD-2CB322672972}.Release|Any CPU.ActiveCfg = Release|Any CPU
		{2A10C696-45AD-48AA-8EAD-2CB322672972}.Release|Any CPU.Build.0 = Release|Any CPU
		{2A10C696-45AD-48AA-8EAD-2CB322672972}.Release|x86.ActiveCfg = Release|Any CPU
		{2A10C696-45AD-48AA-8EAD-2CB322672972}.Release|x86.Build.0 = Release|Any CPU
		{187B24BA-4B66-4D61-9BD6-D0E83DB45BD5}.Debug|Any CPU.ActiveCfg = Debug|Any CPU
		{187B24BA-4B66-4D61-9BD6-D0E83DB45BD5}.Debug|Any CPU.Build.0 = Debug|Any CPU
		{187B24BA-4B66-4D61-9BD6-D0E83DB45BD5}.Debug|x86.ActiveCfg = Debug|Any CPU
		{187B24BA-4B66-4D61-9BD6-D0E83DB45BD5}.Debug|x86.Build.0 = Debug|Any CPU
		{187B24BA-4B66-4D61-9BD6-D0E83DB45BD5}.DefaultBuild|Any CPU.ActiveCfg = Debug|Any CPU
		{187B24BA-4B66-4D61-9BD6-D0E83DB45BD5}.DefaultBuild|Any CPU.Build.0 = Debug|Any CPU
		{187B24BA-4B66-4D61-9BD6-D0E83DB45BD5}.DefaultBuild|x86.ActiveCfg = Debug|Any CPU
		{187B24BA-4B66-4D61-9BD6-D0E83DB45BD5}.DefaultBuild|x86.Build.0 = Debug|Any CPU
		{187B24BA-4B66-4D61-9BD6-D0E83DB45BD5}.Release|Any CPU.ActiveCfg = Release|Any CPU
		{187B24BA-4B66-4D61-9BD6-D0E83DB45BD5}.Release|Any CPU.Build.0 = Release|Any CPU
		{187B24BA-4B66-4D61-9BD6-D0E83DB45BD5}.Release|x86.ActiveCfg = Release|Any CPU
		{187B24BA-4B66-4D61-9BD6-D0E83DB45BD5}.Release|x86.Build.0 = Release|Any CPU
		{2CDBE9AA-DEB3-4A7B-97D7-7DC665418E92}.Debug|Any CPU.ActiveCfg = Debug|Any CPU
		{2CDBE9AA-DEB3-4A7B-97D7-7DC665418E92}.Debug|Any CPU.Build.0 = Debug|Any CPU
		{2CDBE9AA-DEB3-4A7B-97D7-7DC665418E92}.Debug|x86.ActiveCfg = Debug|Any CPU
		{2CDBE9AA-DEB3-4A7B-97D7-7DC665418E92}.Debug|x86.Build.0 = Debug|Any CPU
		{2CDBE9AA-DEB3-4A7B-97D7-7DC665418E92}.DefaultBuild|Any CPU.ActiveCfg = Debug|Any CPU
		{2CDBE9AA-DEB3-4A7B-97D7-7DC665418E92}.DefaultBuild|Any CPU.Build.0 = Debug|Any CPU
		{2CDBE9AA-DEB3-4A7B-97D7-7DC665418E92}.DefaultBuild|x86.ActiveCfg = Debug|Any CPU
		{2CDBE9AA-DEB3-4A7B-97D7-7DC665418E92}.DefaultBuild|x86.Build.0 = Debug|Any CPU
		{2CDBE9AA-DEB3-4A7B-97D7-7DC665418E92}.Release|Any CPU.ActiveCfg = Release|Any CPU
		{2CDBE9AA-DEB3-4A7B-97D7-7DC665418E92}.Release|Any CPU.Build.0 = Release|Any CPU
		{2CDBE9AA-DEB3-4A7B-97D7-7DC665418E92}.Release|x86.ActiveCfg = Release|Any CPU
		{2CDBE9AA-DEB3-4A7B-97D7-7DC665418E92}.Release|x86.Build.0 = Release|Any CPU
		{CA97E339-2014-47E3-890B-DF35F31EC11F}.Debug|Any CPU.ActiveCfg = Debug|Any CPU
		{CA97E339-2014-47E3-890B-DF35F31EC11F}.Debug|Any CPU.Build.0 = Debug|Any CPU
		{CA97E339-2014-47E3-890B-DF35F31EC11F}.Debug|x86.ActiveCfg = Debug|Any CPU
		{CA97E339-2014-47E3-890B-DF35F31EC11F}.Debug|x86.Build.0 = Debug|Any CPU
		{CA97E339-2014-47E3-890B-DF35F31EC11F}.DefaultBuild|Any CPU.ActiveCfg = Debug|Any CPU
		{CA97E339-2014-47E3-890B-DF35F31EC11F}.DefaultBuild|Any CPU.Build.0 = Debug|Any CPU
		{CA97E339-2014-47E3-890B-DF35F31EC11F}.DefaultBuild|x86.ActiveCfg = Debug|Any CPU
		{CA97E339-2014-47E3-890B-DF35F31EC11F}.DefaultBuild|x86.Build.0 = Debug|Any CPU
		{CA97E339-2014-47E3-890B-DF35F31EC11F}.Release|Any CPU.ActiveCfg = Release|Any CPU
		{CA97E339-2014-47E3-890B-DF35F31EC11F}.Release|Any CPU.Build.0 = Release|Any CPU
		{CA97E339-2014-47E3-890B-DF35F31EC11F}.Release|x86.ActiveCfg = Release|Any CPU
		{CA97E339-2014-47E3-890B-DF35F31EC11F}.Release|x86.Build.0 = Release|Any CPU
		{E10C5153-0007-4DD3-930D-9D3117DB7C44}.Debug|Any CPU.ActiveCfg = Debug|Any CPU
		{E10C5153-0007-4DD3-930D-9D3117DB7C44}.Debug|Any CPU.Build.0 = Debug|Any CPU
		{E10C5153-0007-4DD3-930D-9D3117DB7C44}.Debug|x86.ActiveCfg = Debug|Any CPU
		{E10C5153-0007-4DD3-930D-9D3117DB7C44}.Debug|x86.Build.0 = Debug|Any CPU
		{E10C5153-0007-4DD3-930D-9D3117DB7C44}.DefaultBuild|Any CPU.ActiveCfg = Debug|Any CPU
		{E10C5153-0007-4DD3-930D-9D3117DB7C44}.DefaultBuild|Any CPU.Build.0 = Debug|Any CPU
		{E10C5153-0007-4DD3-930D-9D3117DB7C44}.DefaultBuild|x86.ActiveCfg = Debug|Any CPU
		{E10C5153-0007-4DD3-930D-9D3117DB7C44}.DefaultBuild|x86.Build.0 = Debug|Any CPU
		{E10C5153-0007-4DD3-930D-9D3117DB7C44}.Release|Any CPU.ActiveCfg = Release|Any CPU
		{E10C5153-0007-4DD3-930D-9D3117DB7C44}.Release|Any CPU.Build.0 = Release|Any CPU
		{E10C5153-0007-4DD3-930D-9D3117DB7C44}.Release|x86.ActiveCfg = Release|Any CPU
		{E10C5153-0007-4DD3-930D-9D3117DB7C44}.Release|x86.Build.0 = Release|Any CPU
		{BCC482FD-377F-4918-B91A-09444AC90A8E}.Debug|Any CPU.ActiveCfg = Debug|Any CPU
		{BCC482FD-377F-4918-B91A-09444AC90A8E}.Debug|Any CPU.Build.0 = Debug|Any CPU
		{BCC482FD-377F-4918-B91A-09444AC90A8E}.Debug|x86.ActiveCfg = Debug|Any CPU
		{BCC482FD-377F-4918-B91A-09444AC90A8E}.Debug|x86.Build.0 = Debug|Any CPU
		{BCC482FD-377F-4918-B91A-09444AC90A8E}.DefaultBuild|Any CPU.ActiveCfg = Debug|Any CPU
		{BCC482FD-377F-4918-B91A-09444AC90A8E}.DefaultBuild|Any CPU.Build.0 = Debug|Any CPU
		{BCC482FD-377F-4918-B91A-09444AC90A8E}.DefaultBuild|x86.ActiveCfg = Debug|Any CPU
		{BCC482FD-377F-4918-B91A-09444AC90A8E}.DefaultBuild|x86.Build.0 = Debug|Any CPU
		{BCC482FD-377F-4918-B91A-09444AC90A8E}.Release|Any CPU.ActiveCfg = Release|Any CPU
		{BCC482FD-377F-4918-B91A-09444AC90A8E}.Release|Any CPU.Build.0 = Release|Any CPU
		{BCC482FD-377F-4918-B91A-09444AC90A8E}.Release|x86.ActiveCfg = Release|Any CPU
		{BCC482FD-377F-4918-B91A-09444AC90A8E}.Release|x86.Build.0 = Release|Any CPU
		{589068CB-78CE-40FA-95AA-9FEAD9C183F2}.Debug|Any CPU.ActiveCfg = Debug|Any CPU
		{589068CB-78CE-40FA-95AA-9FEAD9C183F2}.Debug|Any CPU.Build.0 = Debug|Any CPU
		{589068CB-78CE-40FA-95AA-9FEAD9C183F2}.Debug|x86.ActiveCfg = Debug|Any CPU
		{589068CB-78CE-40FA-95AA-9FEAD9C183F2}.Debug|x86.Build.0 = Debug|Any CPU
		{589068CB-78CE-40FA-95AA-9FEAD9C183F2}.DefaultBuild|Any CPU.ActiveCfg = Debug|Any CPU
		{589068CB-78CE-40FA-95AA-9FEAD9C183F2}.DefaultBuild|Any CPU.Build.0 = Debug|Any CPU
		{589068CB-78CE-40FA-95AA-9FEAD9C183F2}.DefaultBuild|x86.ActiveCfg = Debug|Any CPU
		{589068CB-78CE-40FA-95AA-9FEAD9C183F2}.DefaultBuild|x86.Build.0 = Debug|Any CPU
		{589068CB-78CE-40FA-95AA-9FEAD9C183F2}.Release|Any CPU.ActiveCfg = Release|Any CPU
		{589068CB-78CE-40FA-95AA-9FEAD9C183F2}.Release|Any CPU.Build.0 = Release|Any CPU
		{589068CB-78CE-40FA-95AA-9FEAD9C183F2}.Release|x86.ActiveCfg = Release|Any CPU
		{589068CB-78CE-40FA-95AA-9FEAD9C183F2}.Release|x86.Build.0 = Release|Any CPU
		{B663D78B-97A6-4729-9F6B-12DC5392E9C7}.Debug|Any CPU.ActiveCfg = DefaultBuild
		{B663D78B-97A6-4729-9F6B-12DC5392E9C7}.Debug|Any CPU.Build.0 = DefaultBuild
		{B663D78B-97A6-4729-9F6B-12DC5392E9C7}.Debug|x86.ActiveCfg = DefaultBuild
		{B663D78B-97A6-4729-9F6B-12DC5392E9C7}.Debug|x86.Build.0 = DefaultBuild
		{B663D78B-97A6-4729-9F6B-12DC5392E9C7}.DefaultBuild|Any CPU.ActiveCfg = DefaultBuild
		{B663D78B-97A6-4729-9F6B-12DC5392E9C7}.DefaultBuild|Any CPU.Build.0 = DefaultBuild
		{B663D78B-97A6-4729-9F6B-12DC5392E9C7}.DefaultBuild|x86.ActiveCfg = DefaultBuild
		{B663D78B-97A6-4729-9F6B-12DC5392E9C7}.DefaultBuild|x86.Build.0 = DefaultBuild
		{B663D78B-97A6-4729-9F6B-12DC5392E9C7}.Release|Any CPU.ActiveCfg = DefaultBuild
		{B663D78B-97A6-4729-9F6B-12DC5392E9C7}.Release|Any CPU.Build.0 = DefaultBuild
		{B663D78B-97A6-4729-9F6B-12DC5392E9C7}.Release|x86.ActiveCfg = DefaultBuild
		{B663D78B-97A6-4729-9F6B-12DC5392E9C7}.Release|x86.Build.0 = DefaultBuild
		{7474A9BB-8747-4EF7-8513-04C8229CFD95}.Debug|Any CPU.ActiveCfg = Debug|x86
		{7474A9BB-8747-4EF7-8513-04C8229CFD95}.Debug|x86.ActiveCfg = Debug|x86
		{7474A9BB-8747-4EF7-8513-04C8229CFD95}.Debug|x86.Build.0 = Debug|x86
		{7474A9BB-8747-4EF7-8513-04C8229CFD95}.DefaultBuild|Any CPU.ActiveCfg = Release|x86
		{7474A9BB-8747-4EF7-8513-04C8229CFD95}.DefaultBuild|Any CPU.Build.0 = Release|x86
		{7474A9BB-8747-4EF7-8513-04C8229CFD95}.DefaultBuild|x86.ActiveCfg = Debug|x86
		{7474A9BB-8747-4EF7-8513-04C8229CFD95}.DefaultBuild|x86.Build.0 = Debug|x86
		{7474A9BB-8747-4EF7-8513-04C8229CFD95}.Release|Any CPU.ActiveCfg = Release|x86
		{7474A9BB-8747-4EF7-8513-04C8229CFD95}.Release|x86.ActiveCfg = Release|x86
		{7474A9BB-8747-4EF7-8513-04C8229CFD95}.Release|x86.Build.0 = Release|x86
	EndGlobalSection
	GlobalSection(SolutionProperties) = preSolution
		HideSolutionNode = FALSE
	EndGlobalSection
	GlobalSection(ExtensibilityGlobals) = postSolution
		SolutionGuid = {A4D1018D-143A-451D-8FC0-F63E4923F552}
	EndGlobalSection
EndGlobal
